{"kind":"veritas-approvals","schema":1}
{"claim_id":"cli/bare-invocation-prints-help","evidence_id":"rust-tests::coding-agent-search::test::cli_contract::bare_invocation_prints_help_without_starting_an_interface","claim_hash":"7d6d9a6a3edcdb46efda930f8568d133838686a3fda13d097bf19e8744873c71","approved_at":"2026-08-25T01:33:10Z","actor":"codex","note":"Reviewed trigger, bounds, assertions, and evidence ownership after native execution.","meta":{}}
{"claim_id":"cli/operational-command-surface","evidence_id":"rust-tests::coding-agent-search::lib::coding_agent_search::cli::tests::command_surface_contains_only_the_contract_commands","claim_hash":"b780fe1f3870958eb3433d1f4e128bdd99a87024ea60ec731247d9a4a08fe07b","approved_at":"2026-08-25T01:33:10Z","actor":"codex","note":"Reviewed trigger, bounds, assertions, and evidence ownership after native execution.","meta":{}}
{"claim_id":"cli/operational-command-surface","evidence_id":"rust-tests::coding-agent-search::test::cli_contract::index_search_view_and_forget_supported_histories","claim_hash":"b780fe1f3870958eb3433d1f4e128bdd99a87024ea60ec731247d9a4a08fe07b","approved_at":"2026-08-25T01:33:10Z","actor":"codex","note":"Reviewed trigger, bounds, assertions, and evidence ownership after native execution.","meta":{}}
{"claim_id":"cli/operational-command-surface","evidence_id":"rust-tests::coding-agent-search::test::cli_contract::removed_provider_roots_and_filters_are_rejected","claim_hash":"b780fe1f3870958eb3433d1f4e128bdd99a87024ea60ec731247d9a4a08fe07b","approved_at":"2026-08-25T03:14:08Z","actor":"codex","note":"Reviewed passing CLI contract test: it directly proves removed provider-specific arguments are outside the six-command JSON surface.","meta":{}}
{"claim_id":"cli/removed-commands-are-rejected","evidence_id":"rust-tests::coding-agent-search::test::cli_contract::removed_commands_are_rejected","claim_hash":"28502e5b8f09e91138bb0aacb8a7b534c0efcc0e38bb26832d30d653e103710b","approved_at":"2026-08-25T01:33:10Z","actor":"codex","note":"Reviewed trigger, bounds, assertions, and evidence ownership after native execution.","meta":{}}
{"claim_id":"configuration/cli-values-have-precedence","evidence_id":"rust-tests::coding-agent-search::lib::coding_agent_search::cli::tests::index_options_validate_deduplicate_and_apply_horizon_precedence","claim_hash":"6ced7093f2e2230976df09ebcb5e200750dc7fd8481fbdd9ad458a130e72c368","approved_at":"2026-08-25T16:31:52Z","actor":"Codex (user-delegated)","note":"Resolver precedence, deduplication, all-history, conflicts, and disabled-provider rejection reviewed.","meta":{}}
{"claim_id":"configuration/cli-values-have-precedence","evidence_id":"rust-tests::coding-agent-search::test::cli_contract::public_index_flags_validate_before_models_database_or_scanning","claim_hash":"6ced7093f2e2230976df09ebcb5e200750dc7fd8481fbdd9ad458a130e72c368","approved_at":"2026-08-25T16:31:53Z","actor":"Codex (user-delegated)","note":"Public CLI precedence and pre-effect validation reviewed.","meta":{}}
{"claim_id":"configuration/document-version-and-fields-are-validated","evidence_id":"rust-tests::coding-agent-search::lib::coding_agent_search::config::tests::document_validation_rejects_missing_fields_and_wrong_shapes","claim_hash":"adbf89c00a12a5ca6500e0927d3a7bb374fc82c5555a8eb06833bc32f492bf61","approved_at":"2026-08-25T15:51:50Z","actor":"Codex (user-delegated)","note":"PH-1 semantic review: trigger, bounds, assertion, and evidence ownership checked; user delegated approval authority on 2026-08-25.","meta":{}}
{"claim_id":"configuration/document-version-and-fields-are-validated","evidence_id":"rust-tests::coding-agent-search::lib::coding_agent_search::config::tests::document_validation_rejects_versions_unknown_fields_and_providers","claim_hash":"adbf89c00a12a5ca6500e0927d3a7bb374fc82c5555a8eb06833bc32f492bf61","approved_at":"2026-08-25T15:52:01Z","actor":"Codex (user-delegated)","note":"PH-1 semantic review: trigger, bounds, assertion, and evidence ownership checked; user delegated approval authority on 2026-08-25.","meta":{}}
{"claim_id":"configuration/document-version-and-fields-are-validated","evidence_id":"rust-tests::coding-agent-search::lib::coding_agent_search::config::tests::explicit_directory_and_malformed_file_are_typed_errors","claim_hash":"adbf89c00a12a5ca6500e0927d3a7bb374fc82c5555a8eb06833bc32f492bf61","approved_at":"2026-08-25T15:52:02Z","actor":"Codex (user-delegated)","note":"PH-1 semantic review: trigger, bounds, assertion, and evidence ownership checked; user delegated approval authority on 2026-08-25.","meta":{}}
{"claim_id":"configuration/document-version-and-fields-are-validated","evidence_id":"rust-tests::coding-agent-search::lib::coding_agent_search::config::tests::file_input_is_bounded_before_json_parsing","claim_hash":"adbf89c00a12a5ca6500e0927d3a7bb374fc82c5555a8eb06833bc32f492bf61","approved_at":"2026-08-25T15:52:04Z","actor":"Codex (user-delegated)","note":"PH-1 semantic review: trigger, bounds, assertion, and evidence ownership checked; user delegated approval authority on 2026-08-25.","meta":{}}
{"claim_id":"configuration/document-version-and-fields-are-validated","evidence_id":"rust-tests::coding-agent-search::lib::coding_agent_search::config::tests::symlink_must_resolve_to_a_regular_file","claim_hash":"adbf89c00a12a5ca6500e0927d3a7bb374fc82c5555a8eb06833bc32f492bf61","approved_at":"2026-08-25T15:52:05Z","actor":"Codex (user-delegated)","note":"PH-1 semantic review: trigger, bounds, assertion, and evidence ownership checked; user delegated approval authority on 2026-08-25.","meta":{}}
{"claim_id":"configuration/environment-inputs-are-ignored","evidence_id":"rust-tests::coding-agent-search::test::cli_contract::configured_federation_uses_inventory_destinations_and_logical_names","claim_hash":"1d5de4aef8c0ec0329f54421afde04aa01123697a0ff08e820ebdec792b1aad4","approved_at":"2026-08-25T16:42:58Z","actor":"Codex (user-delegated)","note":"Phase 3 semantic review: the passing test directly exercises the cited configured-federation behavior.","meta":{}}
{"claim_id":"configuration/errors-are-stable-and-nonretryable","evidence_id":"rust-tests::coding-agent-search::test::cli_contract::every_public_command_rejects_malformed_configuration_before_effects","claim_hash":"c647ae71dc90516c66184889731a4225d02425b9951cb5d467ab0c02ba973ab3","approved_at":"2026-08-25T16:31:55Z","actor":"Codex (user-delegated)","note":"Code 9 JSON wire shape across explicit and default malformed configuration reviewed.","meta":{}}
{"claim_id":"configuration/index-horizon-is-valid","evidence_id":"rust-tests::coding-agent-search::lib::coding_agent_search::config::tests::horizon_defaults_accepts_bounds_and_null","claim_hash":"6811a1d7a951078bbf9410c14b60e7778608e71c71fb6d43d06ae61bcf5653e4","approved_at":"2026-08-25T15:52:06Z","actor":"Codex (user-delegated)","note":"PH-1 semantic review: trigger, bounds, assertion, and evidence ownership checked; user delegated approval authority on 2026-08-25.","meta":{}}
{"claim_id":"configuration/invalid-loaded-file-fails-before-effects","evidence_id":"rust-tests::coding-agent-search::test::cli_contract::every_public_command_rejects_malformed_configuration_before_effects","claim_hash":"940f0d72c8127dbff592bab063e19969912e25ee947735282884903e2710e1c5","approved_at":"2026-08-25T16:31:56Z","actor":"Codex (user-delegated)","note":"Six public commands fail before observable effects for explicit and default malformed files.","meta":{}}
{"claim_id":"configuration/invalid-loaded-file-fails-before-effects","evidence_id":"rust-tests::coding-agent-search::test::cli_contract::hidden_workers_are_config_blind_and_reject_explicit_config_flags","claim_hash":"940f0d72c8127dbff592bab063e19969912e25ee947735282884903e2710e1c5","approved_at":"2026-08-25T16:31:57Z","actor":"Codex (user-delegated)","note":"Search and view hidden-worker configuration blindness reviewed.","meta":{}}
{"claim_id":"configuration/node-inventory-is-valid","evidence_id":"rust-tests::coding-agent-search::lib::coding_agent_search::config::tests::default_remote_search_membership_is_bounded","claim_hash":"36fc26f8723f79da5f877901292c4f9e026f1a1d53ccc3cc4370d5373abc66d7","approved_at":"2026-08-25T15:52:08Z","actor":"Codex (user-delegated)","note":"PH-1 semantic review: trigger, bounds, assertion, and evidence ownership checked; user delegated approval authority on 2026-08-25.","meta":{}}
{"claim_id":"configuration/node-inventory-is-valid","evidence_id":"rust-tests::coding-agent-search::lib::coding_agent_search::config::tests::node_inventory_and_local_identity_are_exact_and_bounded","claim_hash":"36fc26f8723f79da5f877901292c4f9e026f1a1d53ccc3cc4370d5373abc66d7","approved_at":"2026-08-25T15:52:09Z","actor":"Codex (user-delegated)","note":"PH-1 semantic review: trigger, bounds, assertion, and evidence ownership checked; user delegated approval authority on 2026-08-25.","meta":{}}
{"claim_id":"configuration/provider-roots-are-valid","evidence_id":"rust-tests::coding-agent-search::lib::coding_agent_search::config::tests::document_validation_rejects_versions_unknown_fields_and_providers","claim_hash":"4f5bf0766867b33dda2ead554c0fefbf10233aa58675ac532c3bb7d0375908aa","approved_at":"2026-08-25T15:52:10Z","actor":"Codex (user-delegated)","note":"PH-1 semantic review: trigger, bounds, assertion, and evidence ownership checked; user delegated approval authority on 2026-08-25.","meta":{}}
{"claim_id":"configuration/provider-roots-are-valid","evidence_id":"rust-tests::coding-agent-search::lib::coding_agent_search::config::tests::provider_roots_are_absolute_unique_and_never_probed","claim_hash":"4f5bf0766867b33dda2ead554c0fefbf10233aa58675ac532c3bb7d0375908aa","approved_at":"2026-08-25T15:52:12Z","actor":"Codex (user-delegated)","note":"PH-1 semantic review: trigger, bounds, assertion, and evidence ownership checked; user delegated approval authority on 2026-08-25.","meta":{}}
{"claim_id":"configuration/status-reports-resolved-settings","evidence_id":"rust-tests::coding-agent-search::test::cli_contract::legacy_provider_root_environment_variables_are_ignored","claim_hash":"51e07ed0b131fdede64075a29524e2c551906bd4415b7e672e829f9274858104","approved_at":"2026-08-25T16:31:58Z","actor":"Codex (user-delegated)","note":"Exact no-file status projection reviewed.","meta":{}}
{"claim_id":"configuration/status-reports-resolved-settings","evidence_id":"rust-tests::coding-agent-search::test::cli_contract::status_reports_the_exact_resolved_local_configuration","claim_hash":"51e07ed0b131fdede64075a29524e2c551906bd4415b7e672e829f9274858104","approved_at":"2026-08-25T16:32:00Z","actor":"Codex (user-delegated)","note":"Exact loaded local status projection reviewed.","meta":{}}
{"claim_id":"distribution/lexical-only-build-works","evidence_id":"rust-tests::coding-agent-search::test::cli_contract::cargo_and_ci_declare_the_two_supported_build_realizations","claim_hash":"579b3c6139707d631c00186aacfca9c33ecb3288027de775ae071a3e6cf2fc56","approved_at":"2026-08-25T03:30:58Z","actor":"codex","note":"Passing contract test verifies optional FastEmbed feature and CI no-default Nextest gate; lexical-only suite also passed locally.","meta":{}}
{"claim_id":"distribution/release-includes-semantic","evidence_id":"rust-tests::coding-agent-search::test::cli_contract::cargo_and_ci_declare_the_two_supported_build_realizations","claim_hash":"1f7c4fccccf3535d19099c88fc866bbeec4e5be196817ae20be4ae5e4ddca08e","approved_at":"2026-08-25T03:31:00Z","actor":"codex","note":"Passing contract test verifies semantic is default and release builds without disabling defaults; locked release build passed locally.","meta":{}}
{"claim_id":"federated-search/concurrent-fanout","evidence_id":"rust-tests::coding-agent-search::test::cli_contract::configured_federation_uses_inventory_destinations_and_logical_names","claim_hash":"82d06c8d967730df71945cfa02bdbc505d1b4ffdd100f34fec454298e57afe78","approved_at":"2026-08-25T16:43:00Z","actor":"Codex (user-delegated)","note":"Phase 3 semantic review: the passing test directly exercises the cited configured-federation behavior.","meta":{}}
{"claim_id":"federated-search/concurrent-fanout","evidence_id":"rust-tests::coding-agent-search::test::cli_contract::federated_search_fans_out_nodes_concurrently","claim_hash":"d1cda9c914473385dc47b85a5ad5eb9152d2e3a6106b4fc8e52a1e3e36c621a6","approved_at":"2026-08-25T12:11:26Z","actor":"codex","note":"Reviewed against passing semantic and lexical Nextest suites; acceptance tests directly exercise each federated boundary.","meta":{}}
{"claim_id":"federated-search/configured-default-fanout","evidence_id":"rust-tests::coding-agent-search::lib::coding_agent_search::federation::tests::configured_node_selection_covers_defaults_overrides_and_failures","claim_hash":"c7d039394388890e6417cb47b57e0c3aaf75bbda71a497a4e85f164b1519e3fa","approved_at":"2026-08-25T16:43:01Z","actor":"Codex (user-delegated)","note":"Phase 3 semantic review: the passing test directly exercises the cited configured-federation behavior.","meta":{}}
{"claim_id":"federated-search/configured-default-fanout","evidence_id":"rust-tests::coding-agent-search::test::cli_contract::configured_federation_uses_inventory_destinations_and_logical_names","claim_hash":"c7d039394388890e6417cb47b57e0c3aaf75bbda71a497a4e85f164b1519e3fa","approved_at":"2026-08-25T16:43:02Z","actor":"Codex (user-delegated)","note":"Phase 3 semantic review: the passing test directly exercises the cited configured-federation behavior.","meta":{}}
{"claim_id":"federated-search/deterministic-merge","evidence_id":"rust-tests::coding-agent-search::test::cli_contract::federated_search_merges_provenance_and_preserves_partial_results","claim_hash":"90d0ae521b3b04a59bdf5a4e247d63558615832ebcf0b476cebd49c1c7642715","approved_at":"2026-08-25T12:11:26Z","actor":"codex","note":"Reviewed against passing semantic and lexical Nextest suites; acceptance tests directly exercise each federated boundary.","meta":{}}
{"claim_id":"federated-search/local-semantic-readiness-is-required","evidence_id":"rust-tests::coding-agent-search::test::cli_contract::federated_search_fails_when_local_semantic_search_is_unready","claim_hash":"c5029fbebc43283aaf8614d0700dd3170e911803ec76aa0ddcb2fc8fb5f7b285","approved_at":"2026-08-25T16:43:04Z","actor":"Codex (user-delegated)","note":"Phase 3 semantic review: the passing test directly exercises the cited configured-federation behavior.","meta":{}}
{"claim_id":"federated-search/node-selection-precedence","evidence_id":"rust-tests::coding-agent-search::lib::coding_agent_search::federation::tests::configured_node_selection_covers_defaults_overrides_and_failures","claim_hash":"c9d1b21254a0a1d91ea15e4521046c5e20f1889b79276e77f6d2c50105316215","approved_at":"2026-08-25T16:43:05Z","actor":"Codex (user-delegated)","note":"Phase 3 semantic review: the passing test directly exercises the cited configured-federation behavior.","meta":{}}
{"claim_id":"federated-search/node-selection-precedence","evidence_id":"rust-tests::coding-agent-search::test::cli_contract::configured_federation_uses_inventory_destinations_and_logical_names","claim_hash":"c9d1b21254a0a1d91ea15e4521046c5e20f1889b79276e77f6d2c50105316215","approved_at":"2026-08-25T16:43:06Z","actor":"Codex (user-delegated)","note":"Phase 3 semantic review: the passing test directly exercises the cited configured-federation behavior.","meta":{}}
{"claim_id":"federated-search/node-selection-precedence","evidence_id":"rust-tests::coding-agent-search::test::cli_contract::explicit_remote_nodes_require_configuration_before_local_work_or_ssh","claim_hash":"c9d1b21254a0a1d91ea15e4521046c5e20f1889b79276e77f6d2c50105316215","approved_at":"2026-08-25T16:43:08Z","actor":"Codex (user-delegated)","note":"Phase 3 semantic review: the passing test directly exercises the cited configured-federation behavior.","meta":{}}
{"claim_id":"federated-search/node-selection-precedence","evidence_id":"rust-tests::coding-agent-search::test::cli_contract::federated_environment_nodes_are_used_without_explicit_nodes","claim_hash":"1eb91722f3731f93dda1f0b59ae6602fe71a895faa866ba415c3adf45a2c4c76","approved_at":"2026-08-25T12:11:26Z","actor":"codex","note":"Reviewed against passing semantic and lexical Nextest suites; acceptance tests directly exercise each federated boundary.","meta":{}}
{"claim_id":"federated-search/node-selection-precedence","evidence_id":"rust-tests::coding-agent-search::test::cli_contract::federated_explicit_nodes_override_environment_and_deduplicate","claim_hash":"1eb91722f3731f93dda1f0b59ae6602fe71a895faa866ba415c3adf45a2c4c76","approved_at":"2026-08-25T12:11:26Z","actor":"codex","note":"Reviewed against passing semantic and lexical Nextest suites; acceptance tests directly exercise each federated boundary.","meta":{}}
{"claim_id":"federated-search/node-selection-precedence","evidence_id":"rust-tests::coding-agent-search::test::cli_contract::local_search_response_omits_federated_fields","claim_hash":"1eb91722f3731f93dda1f0b59ae6602fe71a895faa866ba415c3adf45a2c4c76","approved_at":"2026-08-25T12:11:26Z","actor":"codex","note":"Reviewed against passing semantic and lexical Nextest suites; acceptance tests directly exercise each federated boundary.","meta":{}}
{"claim_id":"federated-search/node-validation","evidence_id":"rust-tests::coding-agent-search::lib::coding_agent_search::federation::tests::configured_node_selection_covers_defaults_overrides_and_failures","claim_hash":"b8dfde3ebbb961bd189821933c7afbaebaf85a8a922cb673799345dd95d877e9","approved_at":"2026-08-25T16:43:09Z","actor":"Codex (user-delegated)","note":"Phase 3 semantic review: the passing test directly exercises the cited configured-federation behavior.","meta":{}}
{"claim_id":"federated-search/node-validation","evidence_id":"rust-tests::coding-agent-search::lib::coding_agent_search::federation::tests::transport_uses_ssh_destination_but_reports_logical_name","claim_hash":"b8dfde3ebbb961bd189821933c7afbaebaf85a8a922cb673799345dd95d877e9","approved_at":"2026-08-25T16:43:10Z","actor":"Codex (user-delegated)","note":"Phase 3 semantic review: the passing test directly exercises the cited configured-federation behavior.","meta":{}}
{"claim_id":"federated-search/node-validation","evidence_id":"rust-tests::coding-agent-search::test::cli_contract::explicit_remote_nodes_require_configuration_before_local_work_or_ssh","claim_hash":"b8dfde3ebbb961bd189821933c7afbaebaf85a8a922cb673799345dd95d877e9","approved_at":"2026-08-25T16:43:11Z","actor":"Codex (user-delegated)","note":"Phase 3 semantic review: the passing test directly exercises the cited configured-federation behavior.","meta":{}}
{"claim_id":"federated-search/node-validation","evidence_id":"rust-tests::coding-agent-search::test::cli_contract::federated_invalid_or_excess_nodes_fail_before_ssh","claim_hash":"23c72c3599eee6cb470969cf603617ac1d37d3ea401ea7e58431610a3d177eef","approved_at":"2026-08-25T12:11:26Z","actor":"codex","note":"Reviewed against passing semantic and lexical Nextest suites; acceptance tests directly exercise each federated boundary.","meta":{}}
{"claim_id":"federated-search/partial-failure","evidence_id":"rust-tests::coding-agent-search::test::cli_contract::federated_search_merges_provenance_and_preserves_partial_results","claim_hash":"7144922a0a7562c4a5234c453f0612930855cd2201a792d9138141642921215f","approved_at":"2026-08-25T12:11:26Z","actor":"codex","note":"Reviewed against passing semantic and lexical Nextest suites; acceptance tests directly exercise each federated boundary.","meta":{}}
{"claim_id":"federated-search/remote-view","evidence_id":"rust-tests::coding-agent-search::lib::coding_agent_search::federation::tests::transport_uses_ssh_destination_but_reports_logical_name","claim_hash":"f601922ceb60b58f89c78166fb01d6b445db1b173189b00f18928d1a8b67c43d","approved_at":"2026-08-25T16:43:13Z","actor":"Codex (user-delegated)","note":"Phase 3 semantic review: the passing test directly exercises the cited configured-federation behavior.","meta":{}}
{"claim_id":"federated-search/remote-view","evidence_id":"rust-tests::coding-agent-search::test::cli_contract::configured_federation_uses_inventory_destinations_and_logical_names","claim_hash":"f601922ceb60b58f89c78166fb01d6b445db1b173189b00f18928d1a8b67c43d","approved_at":"2026-08-25T16:43:14Z","actor":"Codex (user-delegated)","note":"Phase 3 semantic review: the passing test directly exercises the cited configured-federation behavior.","meta":{}}
{"claim_id":"federated-search/remote-view","evidence_id":"rust-tests::coding-agent-search::test::cli_contract::explicit_remote_nodes_require_configuration_before_local_work_or_ssh","claim_hash":"f601922ceb60b58f89c78166fb01d6b445db1b173189b00f18928d1a8b67c43d","approved_at":"2026-08-25T16:43:15Z","actor":"Codex (user-delegated)","note":"Phase 3 semantic review: the passing test directly exercises the cited configured-federation behavior.","meta":{}}
{"claim_id":"federated-search/remote-view","evidence_id":"rust-tests::coding-agent-search::test::cli_contract::remote_view_uses_versioned_ssh_protocol_and_returns_context","claim_hash":"2df06dede64d0a1624b380eef9104e5911eab0d62651a3866c2e1cf5692eb8ea","approved_at":"2026-08-25T12:11:26Z","actor":"codex","note":"Reviewed against passing semantic and lexical Nextest suites; acceptance tests directly exercise each federated boundary.","meta":{}}
{"claim_id":"federated-search/remote-worker-is-nonrecursive","evidence_id":"rust-tests::coding-agent-search::test::cli_contract::hidden_workers_never_start_ssh_from_config_or_environment","claim_hash":"0d78ff018f10b2d1c80cb0121e4571b13a2b87710dcf28e4cd5bc974d8dc4f73","approved_at":"2026-08-25T16:43:17Z","actor":"Codex (user-delegated)","note":"Phase 3 semantic review: the passing test directly exercises the cited configured-federation behavior.","meta":{}}
{"claim_id":"federated-search/response-provenance","evidence_id":"rust-tests::coding-agent-search::test::cli_contract::federated_search_merges_provenance_and_preserves_partial_results","claim_hash":"abdcb0b7f19067179576f98133a4bb0dce4a201b7e62cbcf76595f3979430555","approved_at":"2026-08-25T12:11:26Z","actor":"codex","note":"Reviewed against passing semantic and lexical Nextest suites; acceptance tests directly exercise each federated boundary.","meta":{}}
{"claim_id":"federated-search/semantic-unready-node-is-partial-failure","evidence_id":"rust-tests::coding-agent-search::lib::coding_agent_search::federation::tests::rank_merge_preserves_ready_results_and_unready_node_outcomes","claim_hash":"96804a1ca41a77dd72dc0454da2fa47cb9764611c93940edfb698e60c8e6dfa8","approved_at":"2026-08-25T16:43:18Z","actor":"Codex (user-delegated)","note":"Phase 3 semantic review: the passing test directly exercises the cited configured-federation behavior.","meta":{}}
{"claim_id":"federated-search/successful-nodes-are-hybrid","evidence_id":"rust-tests::coding-agent-search::lib::coding_agent_search::federation::tests::rank_merge_preserves_ready_results_and_unready_node_outcomes","claim_hash":"360579cd5cd0e7c4282952080ec39f7d5767e4082f232f503f11053ae0f5da43","approved_at":"2026-08-25T16:43:19Z","actor":"Codex (user-delegated)","note":"Phase 3 semantic review: the passing test directly exercises the cited configured-federation behavior.","meta":{}}
{"claim_id":"independence/no-dickles-franken-surface","evidence_id":"rust-tests::coding-agent-search::test::cli_contract::maintained_repository_is_independent_and_minimal","claim_hash":"204ae3a4e15e43f59363ce6aacb3bd2caa7f2cb7de2f9d09998e9e44bfcf2918","approved_at":"2026-08-25T01:33:10Z","actor":"codex","note":"Reviewed trigger, bounds, assertions, and evidence ownership after native execution.","meta":{}}
{"claim_id":"indexing/cli-provider-selection-is-bounded","evidence_id":"rust-tests::coding-agent-search::lib::coding_agent_search::cli::tests::index_options_validate_deduplicate_and_apply_horizon_precedence","claim_hash":"a30f0867ee62cf73c041b69672cdc76dd3081af9b46e11fd8b7a4f35d32e1406","approved_at":"2026-08-25T16:32:01Z","actor":"Codex (user-delegated)","note":"Provider selection, deduplication, and rejection logic reviewed.","meta":{}}
{"claim_id":"indexing/cli-provider-selection-is-bounded","evidence_id":"rust-tests::coding-agent-search::test::cli_contract::public_index_flags_validate_before_models_database_or_scanning","claim_hash":"a30f0867ee62cf73c041b69672cdc76dd3081af9b46e11fd8b7a4f35d32e1406","approved_at":"2026-08-25T16:32:02Z","actor":"Codex (user-delegated)","note":"Repeatable public provider flags and typed pre-effect failures reviewed.","meta":{}}
{"claim_id":"indexing/complete-scan-purges-missing-source","evidence_id":"rust-tests::coding-agent-search::lib::coding_agent_search::ingestion::tests::purge_requires_a_complete_provider_scan","claim_hash":"115f85386aa6e0bc623e4798cc99209e0a41f4e38a7ad65e8986f95437b05558","approved_at":"2026-08-25T03:31:02Z","actor":"codex","note":"Passing deterministic fixture removes a missing source only after a complete scan and verifies canonical count reaches zero.","meta":{}}
{"claim_id":"indexing/concurrent-writer-is-rejected","evidence_id":"rust-tests::coding-agent-search::lib::coding_agent_search::storage::tests::concurrent_writer_is_rejected_and_first_writer_can_commit","claim_hash":"f598d48ca373c6864c3bc34ee48b9e5c0305d9d87d34d4395795239a7a3217b1","approved_at":"2026-08-25T03:31:04Z","actor":"codex","note":"Passing storage test holds BEGIN IMMEDIATE, verifies typed index-busy on a second writer, then verifies release after commit.","meta":{}}
{"claim_id":"indexing/inaccessible-roots-never-authorize-purge","evidence_id":"rust-tests::coding-agent-search::lib::coding_agent_search::ingestion::tests::configured_root_disappearing_after_discovery_rolls_back_without_purge","claim_hash":"76e7dedb042e69fbd69c556031a88044c5c88865414901728af93d1509a17878","approved_at":"2026-08-25T16:32:04Z","actor":"Codex (user-delegated)","note":"Empty-root disappearance race and preservation reviewed.","meta":{}}
{"claim_id":"indexing/inaccessible-roots-never-authorize-purge","evidence_id":"rust-tests::coding-agent-search::lib::coding_agent_search::ingestion::tests::every_authoritative_root_is_preflighted_before_ingestion_writes","claim_hash":"76e7dedb042e69fbd69c556031a88044c5c88865414901728af93d1509a17878","approved_at":"2026-08-25T16:32:05Z","actor":"Codex (user-delegated)","note":"All-root preflight before writes reviewed.","meta":{}}
{"claim_id":"indexing/inaccessible-roots-never-authorize-purge","evidence_id":"rust-tests::coding-agent-search::lib::coding_agent_search::ingestion::tests::late_configured_source_failure_rolls_back_provider_changes","claim_hash":"76e7dedb042e69fbd69c556031a88044c5c88865414901728af93d1509a17878","approved_at":"2026-08-25T16:32:06Z","actor":"Codex (user-delegated)","note":"Late failure provider rollback across stored surfaces reviewed.","meta":{}}
{"claim_id":"indexing/incomplete-scan-preserves-state","evidence_id":"rust-tests::coding-agent-search::lib::coding_agent_search::ingestion::tests::missing_builtin_root_is_nonfatal_but_never_authorizes_purge","claim_hash":"436d042e7f365674f6c6de70b996aa09b119289d6cfd6e57ae11ae7a2bfd0c10","approved_at":"2026-08-25T16:32:08Z","actor":"Codex (user-delegated)","note":"Missing and unusable built-in root preservation reviewed.","meta":{}}
{"claim_id":"indexing/incomplete-scan-preserves-state","evidence_id":"rust-tests::coding-agent-search::lib::coding_agent_search::ingestion::tests::purge_requires_a_complete_provider_scan","claim_hash":"436d042e7f365674f6c6de70b996aa09b119289d6cfd6e57ae11ae7a2bfd0c10","approved_at":"2026-08-25T03:31:05Z","actor":"codex","note":"Passing malformed-scan fixture verifies the previously committed conversation remains until a later complete scan.","meta":{}}
{"claim_id":"indexing/only-changed-messages-refresh","evidence_id":"rust-tests::coding-agent-search::lib::coding_agent_search::storage::tests::conversation_reconciliation_replaces_a_changed_message_id_at_the_same_ordinal","claim_hash":"a62bd0ed05f18ad9f28557dd436bce3126d05faa812dfff0f808fc86068852e8","approved_at":"2026-08-25T12:11:36Z","actor":"codex","note":"Passing unit test directly verifies changed identity replacement without retaining the stale row.","meta":{}}
{"claim_id":"indexing/only-changed-messages-refresh","evidence_id":"rust-tests::coding-agent-search::lib::coding_agent_search::storage::tests::conversation_reconciliation_writes_only_changed_messages","claim_hash":"a62bd0ed05f18ad9f28557dd436bce3126d05faa812dfff0f808fc86068852e8","approved_at":"2026-08-25T03:31:07Z","actor":"codex","note":"Passing test verifies unchanged messages retain embeddings and a content change invalidates only that message embedding.","meta":{}}
{"claim_id":"indexing/partial-provider-scan-preserves-others","evidence_id":"rust-tests::coding-agent-search::lib::coding_agent_search::ingestion::tests::selecting_one_provider_never_reconciles_an_unselected_provider","claim_hash":"53f4f726c44afd7d9461f74f04aac7ab5119defd3ddff0486d462270a7b4fbab","approved_at":"2026-08-25T16:32:09Z","actor":"Codex (user-delegated)","note":"Unselected provider canonical, FTS, embedding, checkpoint, and tombstone preservation reviewed.","meta":{}}
{"claim_id":"indexing/recency-exclusion-preserves-stored-state","evidence_id":"rust-tests::coding-agent-search::lib::coding_agent_search::ingestion::tests::horizon_admits_the_boundary_and_preserves_deleted_old_sources","claim_hash":"c464a201c452907ff59f452d428f5baaf6537a3cadfe7535f97618b24b19e9b2","approved_at":"2026-08-25T16:32:10Z","actor":"Codex (user-delegated)","note":"Old source non-retention behavior and stored-surface preservation reviewed.","meta":{}}
{"claim_id":"indexing/recency-horizon-bounds-admission-not-retention","evidence_id":"rust-tests::coding-agent-search::lib::coding_agent_search::ingestion::tests::horizon_admits_the_boundary_and_preserves_deleted_old_sources","claim_hash":"034e3715eeaeaa70614982ab87bec7f37ed94e04892bfe867dee05ee79fe3623","approved_at":"2026-08-25T16:32:11Z","actor":"Codex (user-delegated)","note":"Inclusive cutoff, one-nanosecond exclusion, complete conversation, and all-history reviewed.","meta":{}}
{"claim_id":"indexing/unchanged-source-is-skipped","evidence_id":"rust-tests::coding-agent-search::lib::coding_agent_search::storage::tests::conversation_reconciliation_writes_only_changed_messages","claim_hash":"f7cbabf8eb2bd0c590366451a3303f387c53d7c8fcb21b117b1f28c39bf8cf16","approved_at":"2026-08-25T03:31:09Z","actor":"codex","note":"Passing test repeats an identical normalized source and verifies unchanged state with no canonical or embedding refresh.","meta":{}}
{"claim_id":"ingestion/configured-provider-roots-index","evidence_id":"rust-tests::coding-agent-search::lib::coding_agent_search::ingestion::tests::authoritative_roots_index_only_the_two_concrete_formats","claim_hash":"9a5f4216f887290ea9aec1e901b723699c2d4f55c37aa956ea7c2ce2652ba03e","approved_at":"2026-08-25T16:32:13Z","actor":"Codex (user-delegated)","note":"Concrete Claude and Codex authoritative-root ingestion reviewed.","meta":{}}
{"claim_id":"ingestion/malformed-records-do-not-panic","evidence_id":"rust-tests::coding-agent-search::lib::coding_agent_search::ingestion::tests::claude_parser_skips_malformed_lines_and_keeps_messages","claim_hash":"55c92a101a2c36a1588d8de2841f38e86279cbaf239886bae8e2028e23292c62","approved_at":"2026-08-25T01:33:10Z","actor":"codex","note":"Reviewed trigger, bounds, assertions, and evidence ownership after native execution.","meta":{}}
{"claim_id":"ingestion/malformed-records-do-not-panic","evidence_id":"rust-tests::coding-agent-search::test::cli_contract::malformed_records_are_bounded_and_reindexing_is_idempotent","claim_hash":"55c92a101a2c36a1588d8de2841f38e86279cbaf239886bae8e2028e23292c62","approved_at":"2026-08-25T01:33:10Z","actor":"codex","note":"Reviewed trigger, bounds, assertions, and evidence ownership after native execution.","meta":{}}
{"claim_id":"ingestion/provider-boundary","evidence_id":"rust-tests::coding-agent-search::lib::coding_agent_search::ingestion::tests::claude_parser_skips_malformed_lines_and_keeps_messages","claim_hash":"327aef6d3831ba86473975786ea5f4fe100c0f28557b64b636a548d3ef651947","approved_at":"2026-08-25T01:33:10Z","actor":"codex","note":"Reviewed trigger, bounds, assertions, and evidence ownership after native execution.","meta":{}}
{"claim_id":"ingestion/provider-boundary","evidence_id":"rust-tests::coding-agent-search::lib::coding_agent_search::ingestion::tests::codex_parser_ignores_mirrored_event_messages","claim_hash":"44b922da6b5f892bdfb020b6cc11ed9d522537f4b947aef18e3c5db6595274f9","approved_at":"2026-08-25T03:14:26Z","actor":"codex","note":"Reviewed passing parser test: it directly proves Codex normalized output excludes mirrored event duplicates while retaining canonical records.","meta":{}}
{"claim_id":"ingestion/provider-boundary","evidence_id":"rust-tests::coding-agent-search::lib::coding_agent_search::ingestion::tests::codex_parser_keeps_custom_tool_calls","claim_hash":"327aef6d3831ba86473975786ea5f4fe100c0f28557b64b636a548d3ef651947","approved_at":"2026-08-25T01:33:10Z","actor":"codex","note":"Reviewed trigger, bounds, assertions, and evidence ownership after native execution.","meta":{}}
{"claim_id":"ingestion/provider-boundary","evidence_id":"rust-tests::coding-agent-search::lib::coding_agent_search::ingestion::tests::codex_parser_keeps_messages_and_tool_calls","claim_hash":"327aef6d3831ba86473975786ea5f4fe100c0f28557b64b636a548d3ef651947","approved_at":"2026-08-25T01:33:10Z","actor":"codex","note":"Reviewed trigger, bounds, assertions, and evidence ownership after native execution.","meta":{}}
{"claim_id":"ingestion/provider-boundary","evidence_id":"rust-tests::coding-agent-search::lib::coding_agent_search::ingestion::tests::codex_parser_keeps_the_rollout_session_identity","claim_hash":"44b922da6b5f892bdfb020b6cc11ed9d522537f4b947aef18e3c5db6595274f9","approved_at":"2026-08-25T12:11:38Z","actor":"codex","note":"Passing parser test verifies canonical Codex rollout session identity.","meta":{}}
{"claim_id":"ingestion/provider-boundary","evidence_id":"rust-tests::coding-agent-search::test::cli_contract::opencode_copilot_hermes_and_pi_histories_are_searchable","claim_hash":"44b922da6b5f892bdfb020b6cc11ed9d522537f4b947aef18e3c5db6595274f9","approved_at":"2026-08-25T03:31:11Z","actor":"codex","note":"Passing black-box test indexes and searches the four restored providers, complementing existing Claude and Codex evidence.","meta":{}}
{"claim_id":"ingestion/provider-boundary","evidence_id":"rust-tests::coding-agent-search::test::cli_contract::removed_provider_roots_and_filters_are_rejected","claim_hash":"44b922da6b5f892bdfb020b6cc11ed9d522537f4b947aef18e3c5db6595274f9","approved_at":"2026-08-25T03:14:10Z","actor":"codex","note":"Reviewed passing CLI contract test: it directly proves removed providers cannot be selected or configured through the supported boundary.","meta":{}}
{"claim_id":"ingestion/supported-jsonl-indexes","evidence_id":"rust-tests::coding-agent-search::lib::coding_agent_search::ingestion::tests::codex_parser_ignores_mirrored_event_messages","claim_hash":"452454020b1b7d7012e52e8bf377ea224f94794b46b35f02da977b4c3aecbbdb","approved_at":"2026-08-25T03:14:28Z","actor":"codex","note":"Reviewed passing parser test against supported Codex JSONL: canonical messages index once and mirrored event messages are ignored.","meta":{}}
{"claim_id":"ingestion/supported-jsonl-indexes","evidence_id":"rust-tests::coding-agent-search::lib::coding_agent_search::ingestion::tests::codex_parser_keeps_custom_tool_calls","claim_hash":"cef7ea46a9a661ff4617c712c53884dcec248ad07668915e370e70b8617f13f5","approved_at":"2026-08-25T01:33:10Z","actor":"codex","note":"Reviewed trigger, bounds, assertions, and evidence ownership after native execution.","meta":{}}
{"claim_id":"ingestion/supported-jsonl-indexes","evidence_id":"rust-tests::coding-agent-search::test::cli_contract::index_search_view_and_forget_supported_histories","claim_hash":"cef7ea46a9a661ff4617c712c53884dcec248ad07668915e370e70b8617f13f5","approved_at":"2026-08-25T01:33:10Z","actor":"codex","note":"Reviewed trigger, bounds, assertions, and evidence ownership after native execution.","meta":{}}
{"claim_id":"ingestion/supported-jsonl-indexes","evidence_id":"rust-tests::coding-agent-search::test::cli_contract::malformed_records_are_bounded_and_reindexing_is_idempotent","claim_hash":"cef7ea46a9a661ff4617c712c53884dcec248ad07668915e370e70b8617f13f5","approved_at":"2026-08-25T01:33:10Z","actor":"codex","note":"Reviewed trigger, bounds, assertions, and evidence ownership after native execution.","meta":{}}
{"claim_id":"ingestion/supported-jsonl-indexes","evidence_id":"rust-tests::coding-agent-search::test::cli_contract::opencode_copilot_hermes_and_pi_histories_are_searchable","claim_hash":"452454020b1b7d7012e52e8bf377ea224f94794b46b35f02da977b4c3aecbbdb","approved_at":"2026-08-25T03:31:13Z","actor":"codex","note":"Passing black-box fixture proves current OpenCode SQLite, Copilot events JSONL, Hermes SQLite, and Pi JSONL normalization.","meta":{}}
{"claim_id":"ingestion/unsupported-providers-ignored","evidence_id":"rust-tests::coding-agent-search::lib::coding_agent_search::ingestion::tests::authoritative_roots_index_only_the_two_concrete_formats","claim_hash":"d310f68a8cff8aafab63e4681b539e6416abc0e01639e3d20708f9f7addb3372","approved_at":"2026-08-25T16:32:14Z","actor":"Codex (user-delegated)","note":"Unsupported-format artifact exclusion reviewed.","meta":{}}
{"claim_id":"ingestion/unsupported-providers-ignored","evidence_id":"rust-tests::coding-agent-search::test::cli_contract::removed_provider_rows_are_purged_from_existing_databases","claim_hash":"4b6f0b5a49257ce365d735855fbc87f895ec7d64daf251c61dd11e7503e07f91","approved_at":"2026-08-25T03:14:29Z","actor":"codex","note":"Reviewed passing black-box migration fixture: records belonging to a removed provider are purged and no longer returned.","meta":{}}
{"claim_id":"ingestion/unsupported-providers-ignored","evidence_id":"rust-tests::coding-agent-search::test::cli_contract::unsupported_records_are_ignored","claim_hash":"4b6f0b5a49257ce365d735855fbc87f895ec7d64daf251c61dd11e7503e07f91","approved_at":"2026-08-25T03:14:11Z","actor":"codex","note":"Reviewed passing black-box fixture: an unsupported history record is scanned but produces no conversation or messages.","meta":{}}
{"claim_id":"models/download-is-explicit","evidence_id":"rust-tests::coding-agent-search::test::cli_contract::search_without_models_falls_back_without_downloading","claim_hash":"afca5b405fa57ac3acfbc938d68f8c049034f4e80d662eb462a38dccb4357602","approved_at":"2026-08-25T01:33:10Z","actor":"codex","note":"Reviewed trigger, bounds, assertions, and evidence ownership after native execution.","meta":{}}
{"claim_id":"search/lexical-returns-distinctive-match","evidence_id":"rust-tests::coding-agent-search::test::cli_contract::index_search_view_and_forget_supported_histories","claim_hash":"3e8e35e16fffdfb23b18df3c23c455a2077a6392c9ef0145b883242de6f73f7c","approved_at":"2026-08-25T01:33:10Z","actor":"codex","note":"Reviewed trigger, bounds, assertions, and evidence ownership after native execution.","meta":{}}
{"claim_id":"semantic/hybrid-reranks-with-models","evidence_id":"rust-tests::coding-agent-search::test::cli_contract::hybrid_search_with_installed_models","claim_hash":"085bc98b56a6c88ae0847a060ea7e1377d825ef9506fd82ce64c88491f56d6e3","approved_at":"2026-08-25T01:33:10Z","actor":"codex","note":"Reviewed trigger, bounds, assertions, and evidence ownership after native execution.","meta":{}}
{"claim_id":"semantic/inference-failure-falls-back","evidence_id":"rust-tests::coding-agent-search::test::cli_contract::invalid_installed_assets_fall_back_to_lexical_search","claim_hash":"031bb07c1c137674ee4ea0a4972a766951b4b426df289969db9aab275fd9e4c9","approved_at":"2026-08-25T03:31:14Z","actor":"codex","note":"Passing CLI test presents invalid installed assets and verifies lexical results plus an explicit semantic failure reason.","meta":{}}
{"claim_id":"semantic/missing-models-fall-back","evidence_id":"rust-tests::coding-agent-search::test::cli_contract::search_without_models_falls_back_without_downloading","claim_hash":"ef292bd134fe67748ac00d4b258c3510c20fc9d7658c138f9636fe3abe5a6ad0","approved_at":"2026-08-25T01:33:10Z","actor":"codex","note":"Reviewed trigger, bounds, assertions, and evidence ownership after native execution.","meta":{}}
{"claim_id":"semantic/stale-embedding-generation-invalidated","evidence_id":"rust-tests::coding-agent-search::lib::coding_agent_search::storage::tests::stale_embedding_generation_is_excluded_and_replaced","claim_hash":"3f84ce27ca773edc2da8aca725b05842947f8b0e94e7dc9c426af686748e6e14","approved_at":"2026-08-25T04:02:11Z","actor":"codex","note":"Reviewed passing storage lifecycle test: old-generation vectors are absent from current semantic reads, invalidated by indexing, selected for re-embedding, and replaced with the new generation.","meta":{}}
{"claim_id":"status/missing-database-recommends-index","evidence_id":"rust-tests::coding-agent-search::test::cli_contract::status_without_a_database_recommends_index","claim_hash":"b7309d9db801353eabfb864c909c5423c9367349a8cb530ed4c12d0110348464","approved_at":"2026-08-25T01:33:10Z","actor":"codex","note":"Reviewed trigger, bounds, assertions, and evidence ownership after native execution.","meta":{}}
{"claim_id":"storage/forget-persists-through-indexing","evidence_id":"rust-tests::coding-agent-search::lib::coding_agent_search::storage::tests::tombstone_prevents_reinsertion","claim_hash":"22825fcd449c71dc19b18e69ff2c3a0242bbbb24648c9445a83cba908fd59d46","approved_at":"2026-08-25T03:31:16Z","actor":"codex","note":"Passing storage test forgets a committed conversation, presents the source again, and verifies its tombstone prevents reinsertion.","meta":{}}
{"claim_id":"storage/forget-removes-conversation","evidence_id":"rust-tests::coding-agent-search::test::cli_contract::index_search_view_and_forget_supported_histories","claim_hash":"b70a3926a0c538742d5b96e654d208147ca5c156f1f33161185aaf2a7532869c","approved_at":"2026-08-25T01:33:10Z","actor":"codex","note":"Reviewed trigger, bounds, assertions, and evidence ownership after native execution.","meta":{}}
{"claim_id":"storage/full-rebuild-is-idempotent","evidence_id":"rust-tests::coding-agent-search::lib::coding_agent_search::storage::tests::full_rebuild_is_idempotent","claim_hash":"c1d3533d867408c224baa13a02f8fe7661bc6a56cff7f8cd1e1d39e3e4d9cee0","approved_at":"2026-08-25T01:33:10Z","actor":"codex","note":"Reviewed trigger, bounds, assertions, and evidence ownership after native execution.","meta":{}}
{"claim_id":"storage/full-rebuild-is-idempotent","evidence_id":"rust-tests::coding-agent-search::test::cli_contract::malformed_records_are_bounded_and_reindexing_is_idempotent","claim_hash":"c1d3533d867408c224baa13a02f8fe7661bc6a56cff7f8cd1e1d39e3e4d9cee0","approved_at":"2026-08-25T01:33:10Z","actor":"codex","note":"Reviewed trigger, bounds, assertions, and evidence ownership after native execution.","meta":{}}
{"claim_id":"storage/newer-schema-is-rejected","evidence_id":"rust-tests::coding-agent-search::lib::coding_agent_search::storage::tests::newer_schema_is_rejected_without_rewriting_version","claim_hash":"838994cf095fecf73e2db827208407ac347049e9731e7f11011218ddef393713","approved_at":"2026-08-25T03:31:17Z","actor":"codex","note":"Passing test verifies typed schema-incompatible rejection and confirms the newer user_version remains unchanged.","meta":{}}
{"claim_id":"storage/supported-schema-migrates","evidence_id":"rust-tests::coding-agent-search::lib::coding_agent_search::storage::tests::supported_schema_migrates_once_and_preserves_rows","claim_hash":"32de53a87995ae2dd5d5561ac647d4e065225e88addc245bfb00e4ba9081e4b5","approved_at":"2026-08-25T03:31:19Z","actor":"codex","note":"Passing migration test upgrades an older schema, preserves canonical rows, reaches current user_version, and reopens idempotently.","meta":{}}
{"claim_id":"storage/unsupported-provider-data-is-removed","evidence_id":"rust-tests::coding-agent-search::lib::coding_agent_search::storage::tests::version_eight_migration_removes_every_unsupported_provider_surface","claim_hash":"fd06fa58450a14cfd8333cb6de14a1497e30df0ef7173d797204d0db955b4cfe","approved_at":"2026-08-25T16:32:15Z","actor":"Codex (user-delegated)","note":"v8 migration cleanup, supported preservation, and four-provider constraint rejection reviewed.","meta":{}}
{"claim_id":"view/context-clamps-to-conversation","evidence_id":"rust-tests::coding-agent-search::test::cli_contract::index_search_view_and_forget_supported_histories","claim_hash":"c4fb3a3952d84531e99ea6862938e2c2b0ba4261736ccb89b0be682a06f3c354","approved_at":"2026-08-25T01:33:10Z","actor":"codex","note":"Reviewed trigger, bounds, assertions, and evidence ownership after native execution.","meta":{}}
