{"kind":"veritas-claims-lock","schema":1}
{"claim_id":"cli/bare-invocation-prints-help","hash":"7d6d9a6a3edcdb46efda930f8568d133838686a3fda13d097bf19e8744873c71","representations":[{"adapter":"markdown","hash":"7154813b503b4630efd5783fe7db21b90db7eec53695e2c4b9e74891236da49d","role":"normative","scope":"block","text":"- **WHEN** `cass` is invoked without a command\n- **THEN** it prints concise help without launching an interactive interface"}]}
{"claim_id":"cli/operational-command-surface","hash":"b780fe1f3870958eb3433d1f4e128bdd99a87024ea60ec731247d9a4a08fe07b","representations":[{"adapter":"markdown","hash":"e89e1b809ba065f696ea3b771ed6878fa91362df98d958e6de9af1666250cffc","role":"normative","scope":"block","text":"The system SHALL expose only `index`, `search`, `view`, `status`, `forget`, and\n`models install` as operational commands. Operational output SHALL be JSON."}]}
{"claim_id":"cli/removed-commands-are-rejected","hash":"28502e5b8f09e91138bb0aacb8a7b534c0efcc0e38bb26832d30d653e103710b","representations":[{"adapter":"markdown","hash":"651347302a5974f974a69d6c756d1262fcdda6945c65d9f59ad01af5294fa8e3","role":"normative","scope":"block","text":"- **WHEN** a removed command such as `export`, `doctor`, `list`, or `sources` is invoked\n- **THEN** argument parsing fails without compatibility rewriting"}]}
{"claim_id":"independence/no-dickles-franken-surface","hash":"204ae3a4e15e43f59363ce6aacb3bd2caa7f2cb7de2f9d09998e9e44bfcf2918","representations":[{"adapter":"markdown","hash":"c693f0baeb8f3c8fe1f9457d8c79fae70361302dd6db92ed101abb77963c5d74","role":"normative","scope":"block","text":"- **WHEN** final manifests, lockfiles, build scripts, source, tests, workflows,\n  and maintained documentation are scanned\n- **THEN** FAD, Frankensearch, Frankensqlite/fsqlite, Frankentorch, Asupersync,\n  FrankenTUI, TOON/tru, the Dickles HNSW fork, and Dickles git pins are absent"}]}
{"claim_id":"ingestion/malformed-records-do-not-panic","hash":"55c92a101a2c36a1588d8de2841f38e86279cbaf239886bae8e2028e23292c62","representations":[{"adapter":"markdown","hash":"da184d5c61c907f9716ca818a4dc420ad728ef2e6f48371f29b7a804cac7d26d","role":"normative","scope":"block","text":"- **WHEN** a supported JSONL file contains a malformed record\n- **THEN** indexing returns a typed JSON error or bounded diagnostic without panicking"}]}
{"claim_id":"ingestion/provider-boundary","hash":"a8cee88d49224e45a526e6bec42d26ba6c90e17754e9a165a672dd2581ec5e5b","representations":[{"adapter":"markdown","hash":"a41315d1e3651554782a9cdba9961afb8c75c223a3984da3bd7524b260c93c78","role":"normative","scope":"block","text":"The system SHALL discover and normalize only Claude Code and Codex JSONL\nhistories into CASS-owned canonical conversation and message records."}]}
{"claim_id":"ingestion/supported-jsonl-indexes","hash":"bde32a57b03d584cb751db1501569278c055e444150188608423886b664fa4ba","representations":[{"adapter":"markdown","hash":"07e03aefde4e5c0d2469772bce99bf316d19f8e1c36284fe73d7d6cc9c85a74d","role":"normative","scope":"block","text":"- **WHEN** configured roots contain representative Claude Code and Codex histories\n- **THEN** `cass index` persists their conversations and messages with stable IDs"}]}
{"claim_id":"ingestion/unsupported-providers-ignored","hash":"0406d70efd08f7579919a237563d5e41e98818b54f7cfaffc4cd4c12def5aadc","representations":[{"adapter":"markdown","hash":"68b4c9ebdad704f9e79ec873a25c5e0d72fc07e7eb61c6a8fc76a3314bc457b3","role":"normative","scope":"block","text":"- **WHEN** a root contains only an OpenCode or another removed-provider history\n- **THEN** no conversation from that provider is indexed or advertised as supported"}]}
{"claim_id":"models/download-is-explicit","hash":"afca5b405fa57ac3acfbc938d68f8c049034f4e80d662eb462a38dccb4357602","representations":[{"adapter":"markdown","hash":"ca2f25ffec7f703bf637cb590fc09460908e3c3e5da89fb51938327afc1b0775","role":"normative","scope":"block","text":"- **WHEN** models are absent and no `models install` command is run\n- **THEN** CASS does not download models implicitly"}]}
{"claim_id":"search/lexical-returns-distinctive-match","hash":"3e8e35e16fffdfb23b18df3c23c455a2077a6392c9ef0145b883242de6f73f7c","representations":[{"adapter":"markdown","hash":"4028e6706bfd56425643854e68a9d44f1b61382582f143aacea1c80aac34bc72","role":"normative","scope":"block","text":"- **WHEN** an indexed message contains a distinctive query term\n- **THEN** `cass search` returns that message with a stable identifier and lexical score metadata"}]}
{"claim_id":"semantic/hybrid-reranks-with-models","hash":"085bc98b56a6c88ae0847a060ea7e1377d825ef9506fd82ce64c88491f56d6e3","representations":[{"adapter":"markdown","hash":"ae1d7841370533656fe6376b0474d03fa509f8c7933650ec5d1c4fb4a3fe8a26","role":"normative","scope":"block","text":"- **WHEN** compatible embedding and reranking models are installed\n- **THEN** search reports hybrid realization and returns fused, reranked candidates"}]}
{"claim_id":"semantic/missing-models-fall-back","hash":"ef292bd134fe67748ac00d4b258c3510c20fc9d7658c138f9636fe3abe5a6ad0","representations":[{"adapter":"markdown","hash":"0d9d6aadb4907046c0ce5b3fb5f560fb03251038982df95084cacaa697e52be1","role":"normative","scope":"block","text":"- **WHEN** semantic models are not installed\n- **THEN** search succeeds lexically and truthfully reports lexical fallback"}]}
{"claim_id":"status/missing-database-recommends-index","hash":"b7309d9db801353eabfb864c909c5423c9367349a8cb530ed4c12d0110348464","representations":[{"adapter":"markdown","hash":"4ecbcfeaf79741281840a03b0e0b16bf18121978ac73d6061e109209c68dec18","role":"normative","scope":"block","text":"- **WHEN** no canonical database exists\n- **THEN** `status` reports not-ready state and `index` as the direct action"}]}
{"claim_id":"storage/forget-removes-conversation","hash":"b70a3926a0c538742d5b96e654d208147ca5c156f1f33161185aaf2a7532869c","representations":[{"adapter":"markdown","hash":"702751d5465f9c30d66f56c555e469319c2ae6cfda66fb140cd2262ce7550dd1","role":"normative","scope":"block","text":"- **WHEN** `cass forget <id>` succeeds\n- **THEN** the conversation, its messages, and derived search rows are no longer retrievable"}]}
{"claim_id":"storage/full-rebuild-is-idempotent","hash":"c1d3533d867408c224baa13a02f8fe7661bc6a56cff7f8cd1e1d39e3e4d9cee0","representations":[{"adapter":"markdown","hash":"a97dceb88c2b368399b5ae740161f848cbd9961b5f973ff09665389bd17ca002","role":"normative","scope":"block","text":"- **WHEN** `cass index --full` runs against an existing canonical database\n- **THEN** derived lexical and semantic state is recreated without duplicating canonical messages"}]}
{"claim_id":"view/context-clamps-to-conversation","hash":"c4fb3a3952d84531e99ea6862938e2c2b0ba4261736ccb89b0be682a06f3c354","representations":[{"adapter":"markdown","hash":"b946ad2b8f19283683058ce1eaab36316a3f97fc8e1f8f5c09c65fb1d9898291","role":"normative","scope":"block","text":"- **WHEN** requested context extends before the first or after the last message\n- **THEN** `view` returns only existing messages in canonical order"}]}
