{"kind":"veritas-claims-lock","schema":1}
{"claim_id":"cli/bare-invocation-prints-help","hash":"7d6d9a6a3edcdb46efda930f8568d133838686a3fda13d097bf19e8744873c71","representations":[{"adapter":"markdown","hash":"7154813b503b4630efd5783fe7db21b90db7eec53695e2c4b9e74891236da49d","role":"normative","scope":"block","text":"- **WHEN** `cass` is invoked without a command\n- **THEN** it prints concise help without launching an interactive interface"}]}
{"claim_id":"cli/operational-command-surface","hash":"b780fe1f3870958eb3433d1f4e128bdd99a87024ea60ec731247d9a4a08fe07b","representations":[{"adapter":"markdown","hash":"e89e1b809ba065f696ea3b771ed6878fa91362df98d958e6de9af1666250cffc","role":"normative","scope":"block","text":"The system SHALL expose only `index`, `search`, `view`, `status`, `forget`, and\n`models install` as operational commands. Operational output SHALL be JSON."}]}
{"claim_id":"cli/removed-commands-are-rejected","hash":"28502e5b8f09e91138bb0aacb8a7b534c0efcc0e38bb26832d30d653e103710b","representations":[{"adapter":"markdown","hash":"651347302a5974f974a69d6c756d1262fcdda6945c65d9f59ad01af5294fa8e3","role":"normative","scope":"block","text":"- **WHEN** a removed command such as `export`, `doctor`, `list`, or `sources` is invoked\n- **THEN** argument parsing fails without compatibility rewriting"}]}
{"claim_id":"independence/no-dickles-franken-surface","hash":"d6b767c47d610e6e362cec8b43ffa1b613594071d45941925f92bac850ce8985","representations":[{"adapter":"markdown","hash":"a30a308486976091f150a1ba359e80d439dd70204edfa577ef9016486be13d81","role":"normative","scope":"block","text":"- **WHEN** final manifests, lockfiles, build scripts, source, tests, workflows,\n  and maintained documentation are scanned\n- **THEN** prohibited legacy dependency surfaces and removed provider surfaces\n  are absent"}]}
{"claim_id":"ingestion/malformed-records-do-not-panic","hash":"55c92a101a2c36a1588d8de2841f38e86279cbaf239886bae8e2028e23292c62","representations":[{"adapter":"markdown","hash":"da184d5c61c907f9716ca818a4dc420ad728ef2e6f48371f29b7a804cac7d26d","role":"normative","scope":"block","text":"- **WHEN** a supported JSONL file contains a malformed record\n- **THEN** indexing returns a typed JSON error or bounded diagnostic without panicking"}]}
{"claim_id":"ingestion/provider-boundary","hash":"adf038737afa10661a613bb064fdc7021a562240cee38ce9ffae833989ada78c","representations":[{"adapter":"markdown","hash":"461238d3b5061a5e81857c8b7508ab7349dca176320c2e57bd30f6d9fdbfc17f","role":"normative","scope":"block","text":"The system SHALL discover and normalize Claude Code and Codex JSONL histories\ninto CASS-owned canonical conversation and message records."}]}
{"claim_id":"ingestion/supported-jsonl-indexes","hash":"7a7ea69802002d7ba6b87bb2f05d5fa1f6c46fd143caa9595b10615415267eef","representations":[{"adapter":"markdown","hash":"f23288039b40c95b10f7f4e7a95355c5ab51e69af871b26083d040cf65c9638e","role":"normative","scope":"block","text":"- **WHEN** configured roots contain representative Claude Code and Codex JSONL histories\n- **THEN** `cass index` persists their conversations and messages with stable IDs"}]}
{"claim_id":"ingestion/unsupported-providers-ignored","hash":"4b6f0b5a49257ce365d735855fbc87f895ec7d64daf251c61dd11e7503e07f91","representations":[{"adapter":"markdown","hash":"889b5cd7a51774c1a8f99e8eca5c3d02b38e2a23acc6ac5f30b99e3e3b57d0ea","role":"normative","scope":"block","text":"- **WHEN** a root contains only another provider's history\n- **THEN** no conversation from that provider is indexed or advertised as supported"}]}
{"claim_id":"models/download-is-explicit","hash":"afca5b405fa57ac3acfbc938d68f8c049034f4e80d662eb462a38dccb4357602","representations":[{"adapter":"markdown","hash":"ca2f25ffec7f703bf637cb590fc09460908e3c3e5da89fb51938327afc1b0775","role":"normative","scope":"block","text":"- **WHEN** models are absent and no `models install` command is run\n- **THEN** CASS does not download models implicitly"}]}
{"claim_id":"search/lexical-returns-distinctive-match","hash":"3e8e35e16fffdfb23b18df3c23c455a2077a6392c9ef0145b883242de6f73f7c","representations":[{"adapter":"markdown","hash":"4028e6706bfd56425643854e68a9d44f1b61382582f143aacea1c80aac34bc72","role":"normative","scope":"block","text":"- **WHEN** an indexed message contains a distinctive query term\n- **THEN** `cass search` returns that message with a stable identifier and lexical score metadata"}]}
{"claim_id":"semantic/hybrid-reranks-with-models","hash":"085bc98b56a6c88ae0847a060ea7e1377d825ef9506fd82ce64c88491f56d6e3","representations":[{"adapter":"markdown","hash":"ae1d7841370533656fe6376b0474d03fa509f8c7933650ec5d1c4fb4a3fe8a26","role":"normative","scope":"block","text":"- **WHEN** compatible embedding and reranking models are installed\n- **THEN** search reports hybrid realization and returns fused, reranked candidates"}]}
{"claim_id":"semantic/missing-models-fall-back","hash":"ef292bd134fe67748ac00d4b258c3510c20fc9d7658c138f9636fe3abe5a6ad0","representations":[{"adapter":"markdown","hash":"0d9d6aadb4907046c0ce5b3fb5f560fb03251038982df95084cacaa697e52be1","role":"normative","scope":"block","text":"- **WHEN** semantic models are not installed\n- **THEN** search succeeds lexically and truthfully reports lexical fallback"}]}
{"claim_id":"status/missing-database-recommends-index","hash":"b7309d9db801353eabfb864c909c5423c9367349a8cb530ed4c12d0110348464","representations":[{"adapter":"markdown","hash":"4ecbcfeaf79741281840a03b0e0b16bf18121978ac73d6061e109209c68dec18","role":"normative","scope":"block","text":"- **WHEN** no canonical database exists\n- **THEN** `status` reports not-ready state and `index` as the direct action"}]}
{"claim_id":"storage/forget-removes-conversation","hash":"b70a3926a0c538742d5b96e654d208147ca5c156f1f33161185aaf2a7532869c","representations":[{"adapter":"markdown","hash":"702751d5465f9c30d66f56c555e469319c2ae6cfda66fb140cd2262ce7550dd1","role":"normative","scope":"block","text":"- **WHEN** `cass forget <id>` succeeds\n- **THEN** the conversation, its messages, and derived search rows are no longer retrievable"}]}
{"claim_id":"storage/full-rebuild-is-idempotent","hash":"c1d3533d867408c224baa13a02f8fe7661bc6a56cff7f8cd1e1d39e3e4d9cee0","representations":[{"adapter":"markdown","hash":"a97dceb88c2b368399b5ae740161f848cbd9961b5f973ff09665389bd17ca002","role":"normative","scope":"block","text":"- **WHEN** `cass index --full` runs against an existing canonical database\n- **THEN** derived lexical and semantic state is recreated without duplicating canonical messages"}]}
{"claim_id":"view/context-clamps-to-conversation","hash":"c4fb3a3952d84531e99ea6862938e2c2b0ba4261736ccb89b0be682a06f3c354","representations":[{"adapter":"markdown","hash":"b946ad2b8f19283683058ce1eaab36316a3f97fc8e1f8f5c09c65fb1d9898291","role":"normative","scope":"block","text":"- **WHEN** requested context extends before the first or after the last message\n- **THEN** `view` returns only existing messages in canonical order"}]}
