{"kind":"veritas-evidence","schema":1}
{"provider":"rust-tests","evidence_id":"rust-tests::coding-agent-search::lib::coding_agent_search::cli::tests::command_surface_contains_only_the_contract_commands","evidence":{"provider_name":"rust-tests","producer":"rust-test","producer_local_id":"coding-agent-search::lib::coding_agent_search::cli::tests::command_surface_contains_only_the_contract_commands","source":{"path":"app/cli.rs","start_line":321,"end_line":332},"canonical_evidence":"I1t0ZXN0XQogICAgZm4gY29tbWFuZF9zdXJmYWNlX2NvbnRhaW5zX29ubHlfdGhlX2NvbnRyYWN0X2NvbW1hbmRzKCkgewogICAgICAgIGxldCBjb21tYW5kID0gQ2xpOjpjb21tYW5kKCk7CiAgICAgICAgbGV0IG5hbWVzOiBWZWM8Xz4gPSBjb21tYW5kCiAgICAgICAgICAgIC5nZXRfc3ViY29tbWFuZHMoKQogICAgICAgICAgICAubWFwKHxjb21tYW5kfCBjb21tYW5kLmdldF9uYW1lKCkudG9fb3duZWQoKSkKICAgICAgICAgICAgLmNvbGxlY3QoKTsKICAgICAgICBhc3NlcnRfZXEhKAogICAgICAgICAgICBuYW1lcywKICAgICAgICAgICAgWyJpbmRleCIsICJzZWFyY2giLCAidmlldyIsICJzdGF0dXMiLCAiZm9yZ2V0IiwgIm1vZGVscyJdCiAgICAgICAgKTsKICAgIH0K","evidence_hash":"ddc254d7649dbfee45859086f6afc4f6a3e659eece767cecdf3a85471a57fd1e","citations":[],"dependencies":[]}}
{"provider":"rust-tests","evidence_id":"rust-tests::coding-agent-search::lib::coding_agent_search::ingestion::tests::claude_parser_skips_malformed_lines_and_keeps_messages","evidence":{"provider_name":"rust-tests","producer":"rust-test","producer_local_id":"coding-agent-search::lib::coding_agent_search::ingestion::tests::claude_parser_skips_malformed_lines_and_keeps_messages","source":{"path":"app/ingestion.rs","start_line":327,"end_line":340},"canonical_evidence":"I1t0ZXN0XQogICAgZm4gY2xhdWRlX3BhcnNlcl9za2lwc19tYWxmb3JtZWRfbGluZXNfYW5kX2tlZXBzX21lc3NhZ2VzKCkgewogICAgICAgIGxldCBtdXQgZmlsZSA9IHRlbXBmaWxlOjpOYW1lZFRlbXBGaWxlOjpuZXcoKS5leHBlY3QoInRlbXBvcmFyeSBKU09OTCIpOwogICAgICAgIHdyaXRlbG4hKGZpbGUsICJub3QtanNvbiIpLmV4cGVjdCgibWFsZm9ybWVkIGxpbmUiKTsKICAgICAgICB3cml0ZWxuIShmaWxlLCByIyJ7eyJ0eXBlIjoidXNlciIsInNlc3Npb25JZCI6InMxIiwidXVpZCI6InUxIiwidGltZXN0YW1wIjoiMjAyNi0wMS0wMVQwMDowMDowMFoiLCJtZXNzYWdlIjp7eyJyb2xlIjoidXNlciIsImNvbnRlbnQiOiJoZWxsbyJ9fX19IiMpLmV4cGVjdCgidXNlciBsaW5lIik7CiAgICAgICAgd3JpdGVsbiEoZmlsZSwgciMie3sidHlwZSI6ImFzc2lzdGFudCIsInNlc3Npb25JZCI6InMxIiwidXVpZCI6ImExIiwibWVzc2FnZSI6e3sicm9sZSI6ImFzc2lzdGFudCIsImNvbnRlbnQiOlt7eyJ0eXBlIjoidGV4dCIsInRleHQiOiJ3b3JsZCJ9fV19fX19IiMpLmV4cGVjdCgiYXNzaXN0YW50IGxpbmUiKTsKCiAgICAgICAgbGV0IHBhcnNlZCA9IHBhcnNlX2NsYXVkZShmaWxlLnBhdGgoKSkuZXhwZWN0KCJwYXJzZSBDbGF1ZGUgaGlzdG9yeSIpOwogICAgICAgIGxldCBjb252ZXJzYXRpb24gPSBwYXJzZWQuY29udmVyc2F0aW9uLmV4cGVjdCgiY29udmVyc2F0aW9uIik7CiAgICAgICAgYXNzZXJ0X2VxIShwYXJzZWQubWFsZm9ybWVkX3JlY29yZHMsIDEpOwogICAgICAgIGFzc2VydF9lcSEoY29udmVyc2F0aW9uLmlkLCAiczEiKTsKICAgICAgICBhc3NlcnRfZXEhKGNvbnZlcnNhdGlvbi5tZXNzYWdlcy5sZW4oKSwgMik7CiAgICAgICAgYXNzZXJ0X2VxIShjb252ZXJzYXRpb24ubWVzc2FnZXNbMV0uY29udGVudCwgIndvcmxkIik7CiAgICB9Cg==","evidence_hash":"c2d48256831e3b1254526c1e80204f8e8342efba80b8729202fcfb56287ada99","citations":[],"dependencies":[]}}
{"provider":"rust-tests","evidence_id":"rust-tests::coding-agent-search::lib::coding_agent_search::ingestion::tests::codex_parser_keeps_custom_tool_calls","evidence":{"provider_name":"rust-tests","producer":"rust-test","producer_local_id":"coding-agent-search::lib::coding_agent_search::ingestion::tests::codex_parser_keeps_custom_tool_calls","source":{"path":"app/ingestion.rs","start_line":359,"end_line":384},"canonical_evidence":"I1t0ZXN0XQogICAgZm4gY29kZXhfcGFyc2VyX2tlZXBzX2N1c3RvbV90b29sX2NhbGxzKCkgewogICAgICAgIGxldCBtdXQgZmlsZSA9IHRlbXBmaWxlOjpOYW1lZFRlbXBGaWxlOjpuZXcoKS5leHBlY3QoInRlbXBvcmFyeSBKU09OTCIpOwogICAgICAgIHdyaXRlbG4hKGZpbGUsIHIjInt7InR5cGUiOiJzZXNzaW9uX21ldGEiLCJwYXlsb2FkIjp7eyJpZCI6ImMyIn19fX0iIykuZXhwZWN0KCJtZXRhIGxpbmUiKTsKICAgICAgICB3cml0ZWxuISgKICAgICAgICAgICAgZmlsZSwKICAgICAgICAgICAgciMie3sidHlwZSI6InJlc3BvbnNlX2l0ZW0iLCJwYXlsb2FkIjp7eyJ0eXBlIjoiY3VzdG9tX3Rvb2xfY2FsbCIsImlkIjoidG9vbDEiLCJjYWxsX2lkIjoiY2FsbDEiLCJuYW1lIjoiaW1hZ2VnZW4iLCJpbnB1dCI6ImRyYXcgYSBmb3gifX19fSIjCiAgICAgICAgKQogICAgICAgIC5leHBlY3QoImN1c3RvbSB0b29sIGxpbmUiKTsKICAgICAgICB3cml0ZWxuISgKICAgICAgICAgICAgZmlsZSwKICAgICAgICAgICAgciMie3sidHlwZSI6InJlc3BvbnNlX2l0ZW0iLCJwYXlsb2FkIjp7eyJ0eXBlIjoiY3VzdG9tX3Rvb2xfY2FsbF9vdXRwdXQiLCJpZCI6InRvb2wyIiwiY2FsbF9pZCI6ImNhbGwxIiwib3V0cHV0IjoiY3JlYXRlZCBmb3gucG5nIn19fX0iIwogICAgICAgICkKICAgICAgICAuZXhwZWN0KCJjdXN0b20gdG9vbCBvdXRwdXQgbGluZSIpOwoKICAgICAgICBsZXQgcGFyc2VkID0gcGFyc2VfY29kZXgoZmlsZS5wYXRoKCkpLmV4cGVjdCgicGFyc2UgQ29kZXggaGlzdG9yeSIpOwogICAgICAgIGxldCBjb252ZXJzYXRpb24gPSBwYXJzZWQuY29udmVyc2F0aW9uLmV4cGVjdCgiY29udmVyc2F0aW9uIik7CiAgICAgICAgYXNzZXJ0X2VxIShjb252ZXJzYXRpb24uaWQsICJjMiIpOwogICAgICAgIGFzc2VydF9lcSEoY29udmVyc2F0aW9uLm1lc3NhZ2VzLmxlbigpLCAyKTsKICAgICAgICBhc3NlcnRfZXEhKAogICAgICAgICAgICBjb252ZXJzYXRpb24ubWVzc2FnZXNbMF0uY29udGVudCwKICAgICAgICAgICAgIlRvb2wgaW1hZ2VnZW46IGRyYXcgYSBmb3giCiAgICAgICAgKTsKICAgICAgICBhc3NlcnRfZXEhKGNvbnZlcnNhdGlvbi5tZXNzYWdlc1sxXS5yb2xlLCAidG9vbCIpOwogICAgICAgIGFzc2VydF9lcSEoY29udmVyc2F0aW9uLm1lc3NhZ2VzWzFdLmNvbnRlbnQsICJjcmVhdGVkIGZveC5wbmciKTsKICAgIH0K","evidence_hash":"b930990ce42adfd3cfa38a4bc717f708b0a9d2a43617ff6f659b5a95763e2e29","citations":[],"dependencies":[]}}
{"provider":"rust-tests","evidence_id":"rust-tests::coding-agent-search::lib::coding_agent_search::ingestion::tests::codex_parser_keeps_messages_and_tool_calls","evidence":{"provider_name":"rust-tests","producer":"rust-test","producer_local_id":"coding-agent-search::lib::coding_agent_search::ingestion::tests::codex_parser_keeps_messages_and_tool_calls","source":{"path":"app/ingestion.rs","start_line":343,"end_line":355},"canonical_evidence":"I1t0ZXN0XQogICAgZm4gY29kZXhfcGFyc2VyX2tlZXBzX21lc3NhZ2VzX2FuZF90b29sX2NhbGxzKCkgewogICAgICAgIGxldCBtdXQgZmlsZSA9IHRlbXBmaWxlOjpOYW1lZFRlbXBGaWxlOjpuZXcoKS5leHBlY3QoInRlbXBvcmFyeSBKU09OTCIpOwogICAgICAgIHdyaXRlbG4hKGZpbGUsIHIjInt7InR5cGUiOiJzZXNzaW9uX21ldGEiLCJwYXlsb2FkIjp7eyJpZCI6ImMxIn19fX0iIykuZXhwZWN0KCJtZXRhIGxpbmUiKTsKICAgICAgICB3cml0ZWxuIShmaWxlLCByIyJ7eyJ0eXBlIjoicmVzcG9uc2VfaXRlbSIsInBheWxvYWQiOnt7InR5cGUiOiJtZXNzYWdlIiwiaWQiOiJtMSIsInJvbGUiOiJ1c2VyIiwiY29udGVudCI6W3t7InR5cGUiOiJpbnB1dF90ZXh0IiwidGV4dCI6ImZpbmQgaXQifX1dfX19fSIjKS5leHBlY3QoIm1lc3NhZ2UgbGluZSIpOwogICAgICAgIHdyaXRlbG4hKGZpbGUsIHIjInt7InR5cGUiOiJyZXNwb25zZV9pdGVtIiwicGF5bG9hZCI6e3sidHlwZSI6ImZ1bmN0aW9uX2NhbGwiLCJjYWxsX2lkIjoiY2FsbDEiLCJuYW1lIjoic2VhcmNoIiwiYXJndW1lbnRzIjoie3tcInFcIjpcIm5lZWRsZVwifX0ifX19fSIjKS5leHBlY3QoInRvb2wgbGluZSIpOwoKICAgICAgICBsZXQgcGFyc2VkID0gcGFyc2VfY29kZXgoZmlsZS5wYXRoKCkpLmV4cGVjdCgicGFyc2UgQ29kZXggaGlzdG9yeSIpOwogICAgICAgIGxldCBjb252ZXJzYXRpb24gPSBwYXJzZWQuY29udmVyc2F0aW9uLmV4cGVjdCgiY29udmVyc2F0aW9uIik7CiAgICAgICAgYXNzZXJ0X2VxIShjb252ZXJzYXRpb24uaWQsICJjMSIpOwogICAgICAgIGFzc2VydF9lcSEoY29udmVyc2F0aW9uLm1lc3NhZ2VzLmxlbigpLCAyKTsKICAgICAgICBhc3NlcnQhKGNvbnZlcnNhdGlvbi5tZXNzYWdlc1sxXS5jb250ZW50LmNvbnRhaW5zKCJUb29sIHNlYXJjaCIpKTsKICAgIH0K","evidence_hash":"6972ccc501a618f62bd7551c524f2539623cdf1ed13421a441753a7e64672532","citations":[],"dependencies":[]}}
{"provider":"rust-tests","evidence_id":"rust-tests::coding-agent-search::lib::coding_agent_search::semantic::tests::cosine_similarity_handles_bounds_and_dimension_mismatch","evidence":{"provider_name":"rust-tests","producer":"rust-test","producer_local_id":"coding-agent-search::lib::coding_agent_search::semantic::tests::cosine_similarity_handles_bounds_and_dimension_mismatch","source":{"path":"app/semantic.rs","start_line":349,"end_line":355},"canonical_evidence":"I1t0ZXN0XQogICAgZm4gY29zaW5lX3NpbWlsYXJpdHlfaGFuZGxlc19ib3VuZHNfYW5kX2RpbWVuc2lvbl9taXNtYXRjaCgpIHsKICAgICAgICBhc3NlcnQhKChjb3NpbmVfc2ltaWxhcml0eSgmWzEuMCwgMC4wXSwgJlsxLjAsIDAuMF0pIC0gMS4wKS5hYnMoKSA8IGYzMjo6RVBTSUxPTik7CiAgICAgICAgYXNzZXJ0ISgoY29zaW5lX3NpbWlsYXJpdHkoJlsxLjAsIDAuMF0sICZbLTEuMCwgMC4wXSkgKyAxLjApLmFicygpIDwgZjMyOjpFUFNJTE9OKTsKICAgICAgICBhc3NlcnRfZXEhKGNvc2luZV9zaW1pbGFyaXR5KCZbMS4wXSwgJlsxLjAsIDIuMF0pLCAwLjApOwogICAgICAgIGFzc2VydF9lcSEoY29zaW5lX3NpbWlsYXJpdHkoJlswLjBdLCAmWzEuMF0pLCAwLjApOwogICAgfQo=","evidence_hash":"af9c1dc1c78bea67fde670c3e004d86d800cdeca8f32b3183262bcd562f5217d","citations":[],"dependencies":[]}}
{"provider":"rust-tests","evidence_id":"rust-tests::coding-agent-search::lib::coding_agent_search::semantic::tests::models_are_not_ready_without_a_valid_marker","evidence":{"provider_name":"rust-tests","producer":"rust-test","producer_local_id":"coding-agent-search::lib::coding_agent_search::semantic::tests::models_are_not_ready_without_a_valid_marker","source":{"path":"app/semantic.rs","start_line":357,"end_line":364},"canonical_evidence":"I1t0ZXN0XQogICAgZm4gbW9kZWxzX2FyZV9ub3RfcmVhZHlfd2l0aG91dF9hX3ZhbGlkX21hcmtlcigpIHsKICAgICAgICBsZXQgZGlyZWN0b3J5ID0gdGVtcGZpbGU6OnRlbXBkaXIoKS5leHBlY3QoInRlbXBvcmFyeSBtb2RlbCBkaXJlY3RvcnkiKTsKICAgICAgICBsZXQgbW9kZWxzID0gTW9kZWxzOjpuZXcoZGlyZWN0b3J5LnBhdGgoKS50b19wYXRoX2J1ZigpKTsKICAgICAgICBhc3NlcnQhKCFtb2RlbHMuaXNfaW5zdGFsbGVkKCkpOwogICAgICAgIGZzOjp3cml0ZShkaXJlY3RvcnkucGF0aCgpLmpvaW4oTUFSS0VSX05BTUUpLCBiIm5vdCBqc29uIikuZXhwZWN0KCJpbnZhbGlkIG1hcmtlciIpOwogICAgICAgIGFzc2VydCEoIW1vZGVscy5pc19pbnN0YWxsZWQoKSk7CiAgICB9Cg==","evidence_hash":"6bb3373a403bbfa9b33c47757d93afcaef01d52841a98448fdf2377143b3d195","citations":[],"dependencies":[]}}
{"provider":"rust-tests","evidence_id":"rust-tests::coding-agent-search::lib::coding_agent_search::semantic::tests::rrf_fusion_rewards_overlap_and_breaks_ties_by_id","evidence":{"provider_name":"rust-tests","producer":"rust-test","producer_local_id":"coding-agent-search::lib::coding_agent_search::semantic::tests::rrf_fusion_rewards_overlap_and_breaks_ties_by_id","source":{"path":"app/semantic.rs","start_line":366,"end_line":393},"canonical_evidence":"I1t0ZXN0XQogICAgZm4gcnJmX2Z1c2lvbl9yZXdhcmRzX292ZXJsYXBfYW5kX2JyZWFrc190aWVzX2J5X2lkKCkgewogICAgICAgIGZuIGhpdChpZDogJnN0cikgLT4gU2VhcmNoSGl0IHsKICAgICAgICAgICAgU2VhcmNoSGl0IHsKICAgICAgICAgICAgICAgIGlkOiBpZC50b19vd25lZCgpLAogICAgICAgICAgICAgICAgY29udmVyc2F0aW9uX2lkOiAiY29udmVyc2F0aW9uIi50b19vd25lZCgpLAogICAgICAgICAgICAgICAgcHJvdmlkZXI6ICJjb2RleCIudG9fb3duZWQoKSwKICAgICAgICAgICAgICAgIHJvbGU6ICJ1c2VyIi50b19vd25lZCgpLAogICAgICAgICAgICAgICAgY29udGVudDogaWQudG9fb3duZWQoKSwKICAgICAgICAgICAgICAgIGxleGljYWxfc2NvcmU6IE5vbmUsCiAgICAgICAgICAgICAgICBzZW1hbnRpY19zY29yZTogTm9uZSwKICAgICAgICAgICAgICAgIGZ1c2lvbl9zY29yZTogMC4wLAogICAgICAgICAgICAgICAgcmVyYW5rX3Njb3JlOiBOb25lLAogICAgICAgICAgICB9CiAgICAgICAgfQoKICAgICAgICBsZXQgbXV0IHNlbWFudGljX2IgPSBoaXQoImIiKTsKICAgICAgICBzZW1hbnRpY19iLnNlbWFudGljX3Njb3JlID0gU29tZSgwLjgpOwogICAgICAgIGxldCBmdXNlZCA9IGZ1c2UodmVjIVtoaXQoImEiKSwgaGl0KCJiIildLCB2ZWMhW2hpdCgiYyIpLCBzZW1hbnRpY19iXSk7CiAgICAgICAgbGV0IGlkczogVmVjPCZzdHI+ID0gZnVzZWQKICAgICAgICAgICAgLml0ZXIoKQogICAgICAgICAgICAubWFwKHxjYW5kaWRhdGV8IGNhbmRpZGF0ZS5pZC5hc19zdHIoKSkKICAgICAgICAgICAgLmNvbGxlY3QoKTsKICAgICAgICBhc3NlcnRfZXEhKGlkcywgWyJiIiwgImEiLCAiYyJdKTsKICAgICAgICBhc3NlcnQhKGZ1c2VkWzBdLmZ1c2lvbl9zY29yZSA+IGZ1c2VkWzFdLmZ1c2lvbl9zY29yZSk7CiAgICAgICAgYXNzZXJ0X2VxIShmdXNlZFswXS5zZW1hbnRpY19zY29yZSwgU29tZSgwLjgpKTsKICAgICAgICBhc3NlcnRfZXEhKGZ1c2VkWzFdLmZ1c2lvbl9zY29yZSwgZnVzZWRbMl0uZnVzaW9uX3Njb3JlKTsKICAgIH0K","evidence_hash":"f29c1ff32b429404b7698860ebe01be2e6498ff723ec51fecad0dfdca7e49777","citations":[],"dependencies":[]}}
{"provider":"rust-tests","evidence_id":"rust-tests::coding-agent-search::lib::coding_agent_search::storage::tests::embedding_blobs_round_trip","evidence":{"provider_name":"rust-tests","producer":"rust-test","producer_local_id":"coding-agent-search::lib::coding_agent_search::storage::tests::embedding_blobs_round_trip","source":{"path":"app/storage.rs","start_line":464,"end_line":470},"canonical_evidence":"I1t0ZXN0XQogICAgZm4gZW1iZWRkaW5nX2Jsb2JzX3JvdW5kX3RyaXAoKSB7CiAgICAgICAgbGV0IHZlY3RvciA9IFstMS41LCAwLjAsIDIuMjVdOwogICAgICAgIGxldCBieXRlcyA9IGVuY29kZV92ZWN0b3IoJnZlY3Rvcik7CiAgICAgICAgYXNzZXJ0X2VxIShkZWNvZGVfdmVjdG9yKDMsICZieXRlcyksIE9rKHZlY3Rvci50b192ZWMoKSkpOwogICAgICAgIGFzc2VydCEoZGVjb2RlX3ZlY3RvcigyLCAmYnl0ZXMpLmlzX2VycigpKTsKICAgIH0K","evidence_hash":"6ab4d7c0c46194152c37e8553004d000391172975504267e1fe0fc8e6c3048d1","citations":[],"dependencies":[]}}
{"provider":"rust-tests","evidence_id":"rust-tests::coding-agent-search::lib::coding_agent_search::storage::tests::full_rebuild_is_idempotent","evidence":{"provider_name":"rust-tests","producer":"rust-test","producer_local_id":"coding-agent-search::lib::coding_agent_search::storage::tests::full_rebuild_is_idempotent","source":{"path":"app/storage.rs","start_line":448,"end_line":462},"canonical_evidence":"I1t0ZXN0XQogICAgZm4gZnVsbF9yZWJ1aWxkX2lzX2lkZW1wb3RlbnQoKSB7CiAgICAgICAgbGV0IGRpcmVjdG9yeSA9IHRlbXBmaWxlOjp0ZW1wZGlyKCkuZXhwZWN0KCJ0ZW1wb3JhcnkgZGlyZWN0b3J5Iik7CiAgICAgICAgbGV0IHN0b3JhZ2UgPSBTdG9yYWdlOjpvcGVuKCZkaXJlY3RvcnkucGF0aCgpLmpvaW4oImNhc3Muc3FsaXRlMyIpKS5leHBlY3QoIm9wZW4gZGF0YWJhc2UiKTsKICAgICAgICBzdG9yYWdlCiAgICAgICAgICAgIC5yZWJ1aWxkX2Rlcml2ZWRfc2VhcmNoX3N0YXRlKCkKICAgICAgICAgICAgLmV4cGVjdCgiZmlyc3QgcmVidWlsZCIpOwogICAgICAgIHN0b3JhZ2UKICAgICAgICAgICAgLnJlYnVpbGRfZGVyaXZlZF9zZWFyY2hfc3RhdGUoKQogICAgICAgICAgICAuZXhwZWN0KCJzZWNvbmQgcmVidWlsZCIpOwogICAgICAgIGxldCBjb3VudHMgPSBzdG9yYWdlLmNvdW50cygpLmV4cGVjdCgiY291bnRzIik7CiAgICAgICAgYXNzZXJ0X2VxIShjb3VudHMuY29udmVyc2F0aW9ucywgMCk7CiAgICAgICAgYXNzZXJ0X2VxIShjb3VudHMubWVzc2FnZXMsIDApOwogICAgICAgIGFzc2VydF9lcSEoY291bnRzLmVtYmVkZGluZ3MsIDApOwogICAgfQo=","evidence_hash":"aa44229df9ecdd2b6ce14213155f51f9ad3422028209a8a4d85514d9922a85bd","citations":[],"dependencies":[]}}
{"provider":"rust-tests","evidence_id":"rust-tests::coding-agent-search::test::cli_contract::bare_invocation_prints_help_without_starting_an_interface","evidence":{"provider_name":"rust-tests","producer":"rust-test","producer_local_id":"coding-agent-search::test::cli_contract::bare_invocation_prints_help_without_starting_an_interface","source":{"path":"app/tests/cli_contract.rs","start_line":20,"end_line":27},"canonical_evidence":"I1t0ZXN0XQpmbiBiYXJlX2ludm9jYXRpb25fcHJpbnRzX2hlbHBfd2l0aG91dF9zdGFydGluZ19hbl9pbnRlcmZhY2UoKSB7CiAgICBDb21tYW5kOjpjYXJnb19iaW4oImNhc3MiKQogICAgICAgIC5leHBlY3QoImNhc3MgYmluYXJ5IikKICAgICAgICAuYXNzZXJ0KCkKICAgICAgICAuZmFpbHVyZSgpCiAgICAgICAgLnN0ZGVycihwcmVkaWNhdGU6OnN0cjo6Y29udGFpbnMoIlVzYWdlOiIpKTsKfQo=","evidence_hash":"e33b93642b5ce6a8e2f0ba440c3674e3e997f7be920c89dd02d83e3e9caf6a96","citations":[],"dependencies":[]}}
{"provider":"rust-tests","evidence_id":"rust-tests::coding-agent-search::test::cli_contract::hybrid_search_with_installed_models","evidence":{"provider_name":"rust-tests","producer":"rust-test","producer_local_id":"coding-agent-search::test::cli_contract::hybrid_search_with_installed_models","source":{"path":"app/tests/cli_contract.rs","start_line":257,"end_line":314},"canonical_evidence":"I1t0ZXN0XQojW2lnbm9yZSA9ICJyZXF1aXJlcyBDQVNTX1RFU1RfTU9ERUxTX0RJUiBjb250YWluaW5nIGFuIGV4cGxpY2l0IG1vZGVsIGluc3RhbGxhdGlvbiJdCmZuIGh5YnJpZF9zZWFyY2hfd2l0aF9pbnN0YWxsZWRfbW9kZWxzKCkgewogICAgbGV0IG1vZGVsc19kaXIgPSBzdGQ6OmVudjo6dmFyX29zKCJDQVNTX1RFU1RfTU9ERUxTX0RJUiIpCiAgICAgICAgLm1hcChzdGQ6OnBhdGg6OlBhdGhCdWY6OmZyb20pCiAgICAgICAgLmV4cGVjdCgiQ0FTU19URVNUX01PREVMU19ESVIgZm9yIGV4cGxpY2l0bHkgaW5zdGFsbGVkIHRlc3QgbW9kZWxzIik7CiAgICBsZXQgZGlyZWN0b3J5ID0gdGVtcGZpbGU6OnRlbXBkaXIoKS5leHBlY3QoInRlbXBvcmFyeSBkaXJlY3RvcnkiKTsKICAgIGxldCBjbGF1ZGVfcm9vdCA9IGRpcmVjdG9yeS5wYXRoKCkuam9pbigiY2xhdWRlIik7CiAgICBsZXQgY29kZXhfcm9vdCA9IGRpcmVjdG9yeS5wYXRoKCkuam9pbigiY29kZXgiKTsKICAgIHN0ZDo6ZnM6OmNyZWF0ZV9kaXJfYWxsKCZjbGF1ZGVfcm9vdCkuZXhwZWN0KCJDbGF1ZGUgcm9vdCIpOwogICAgc3RkOjpmczo6Y3JlYXRlX2Rpcl9hbGwoJmNvZGV4X3Jvb3QpLmV4cGVjdCgiQ29kZXggcm9vdCIpOwogICAgc3RkOjpmczo6d3JpdGUoCiAgICAgICAgY2xhdWRlX3Jvb3Quam9pbigic2Vzc2lvbi5qc29ubCIpLAogICAgICAgIGNvbmNhdCEoCiAgICAgICAgICAgICJ7XCJ0eXBlXCI6XCJ1c2VyXCIsXCJzZXNzaW9uSWRcIjpcImh5YnJpZC10ZXN0XCIsXCJ1dWlkXCI6XCJtMVwiLFwibWVzc2FnZVwiOntcInJvbGVcIjpcInVzZXJcIixcImNvbnRlbnRcIjpcIkhvdyBkbyBJIHJlcGFpciBhdXRoZW50aWNhdGlvbiBjcmVkZW50aWFscz9cIn19XG4iLAogICAgICAgICAgICAie1widHlwZVwiOlwiYXNzaXN0YW50XCIsXCJzZXNzaW9uSWRcIjpcImh5YnJpZC10ZXN0XCIsXCJ1dWlkXCI6XCJtMlwiLFwibWVzc2FnZVwiOntcInJvbGVcIjpcImFzc2lzdGFudFwiLFwiY29udGVudFwiOlwiUmVmcmVzaCB0aGUgZXhwaXJlZCBsb2dpbiB0b2tlbiBhbmQgcmV0cnkuXCJ9fVxuIiwKICAgICAgICAgICAgIntcInR5cGVcIjpcInVzZXJcIixcInNlc3Npb25JZFwiOlwiaHlicmlkLXRlc3RcIixcInV1aWRcIjpcIm0zXCIsXCJtZXNzYWdlXCI6e1wicm9sZVwiOlwidXNlclwiLFwiY29udGVudFwiOlwiV2hhdCBjb2xvciBpcyB0aGUgZGF0YWJhc2UgaWNvbj9cIn19XG4iLAogICAgICAgICksCiAgICApCiAgICAuZXhwZWN0KCJDbGF1ZGUgZml4dHVyZSIpOwogICAgbGV0IGRhdGFiYXNlID0gZGlyZWN0b3J5LnBhdGgoKS5qb2luKCJjYXNzLnNxbGl0ZTMiKTsKICAgIGxldCBtb2RlbHNfZGlyID0gbW9kZWxzX2Rpci50b19zdHIoKS5leHBlY3QoIlVURi04IG1vZGVscyBwYXRoIik7CiAgICBsZXQgaW5kZXhlZCA9IHJ1bl9qc29uKCZbCiAgICAgICAgIi0tZGIiLAogICAgICAgIGRhdGFiYXNlLnRvX3N0cigpLmV4cGVjdCgiVVRGLTggZGF0YWJhc2UgcGF0aCIpLAogICAgICAgICItLW1vZGVscy1kaXIiLAogICAgICAgIG1vZGVsc19kaXIsCiAgICAgICAgImluZGV4IiwKICAgICAgICAiLS1mdWxsIiwKICAgICAgICAiLS1jbGF1ZGUtcm9vdCIsCiAgICAgICAgY2xhdWRlX3Jvb3QudG9fc3RyKCkuZXhwZWN0KCJVVEYtOCBDbGF1ZGUgcGF0aCIpLAogICAgICAgICItLWNvZGV4LXJvb3QiLAogICAgICAgIGNvZGV4X3Jvb3QudG9fc3RyKCkuZXhwZWN0KCJVVEYtOCBDb2RleCBwYXRoIiksCiAgICBdKTsKICAgIGFzc2VydF9lcSEoaW5kZXhlZFsiZW1iZWRkaW5ncyJdLCAzKTsKICAgIGFzc2VydF9lcSEoaW5kZXhlZFsicmVhbGl6ZWRfbW9kZSJdLCAiaHlicmlkIik7CgogICAgbGV0IGZvdW5kID0gcnVuX2pzb24oJlsKICAgICAgICAiLS1kYiIsCiAgICAgICAgZGF0YWJhc2UudG9fc3RyKCkuZXhwZWN0KCJVVEYtOCBkYXRhYmFzZSBwYXRoIiksCiAgICAgICAgIi0tbW9kZWxzLWRpciIsCiAgICAgICAgbW9kZWxzX2RpciwKICAgICAgICAic2VhcmNoIiwKICAgICAgICAibG9naW4gY3JlZGVudGlhbHMiLAogICAgICAgICItLWxpbWl0IiwKICAgICAgICAiMyIsCiAgICBdKTsKICAgIGFzc2VydF9lcSEoZm91bmRbInJlYWxpemVkX21vZGUiXSwgImh5YnJpZCIpOwogICAgYXNzZXJ0IShmb3VuZFsiZmFsbGJhY2tfbW9kZSJdLmlzX251bGwoKSk7CiAgICBhc3NlcnRfZXEhKGZvdW5kWyJyZXN1bHRzIl0uYXNfYXJyYXkoKS5tYXAoVmVjOjpsZW4pLCBTb21lKDMpKTsKICAgIGFzc2VydCEoZm91bmRbInJlc3VsdHMiXVswXVsic2VtYW50aWNfc2NvcmUiXS5pc19udW1iZXIoKSk7CiAgICBhc3NlcnQhKGZvdW5kWyJyZXN1bHRzIl1bMF1bInJlcmFua19zY29yZSJdLmlzX251bWJlcigpKTsKICAgIGFzc2VydCEoCiAgICAgICAgZm91bmRbInJlc3VsdHMiXVswXVsiY29udGVudCJdCiAgICAgICAgICAgIC5hc19zdHIoKQogICAgICAgICAgICAuaXNfc29tZV9hbmQofGNvbnRlbnR8IGNvbnRlbnQuY29udGFpbnMoImNyZWRlbnRpYWxzIikpCiAgICApOwp9Cg==","evidence_hash":"a4d0bd910dc97640ba8440d49036c6fa419b8a9907df3ee617dbd83ddba59abc","citations":[],"dependencies":[]}}
{"provider":"rust-tests","evidence_id":"rust-tests::coding-agent-search::test::cli_contract::index_search_view_and_forget_supported_histories","evidence":{"provider_name":"rust-tests","producer":"rust-test","producer_local_id":"coding-agent-search::test::cli_contract::index_search_view_and_forget_supported_histories","source":{"path":"app/tests/cli_contract.rs","start_line":65,"end_line":126},"canonical_evidence":"I1t0ZXN0XQpmbiBpbmRleF9zZWFyY2hfdmlld19hbmRfZm9yZ2V0X3N1cHBvcnRlZF9oaXN0b3JpZXMoKSB7CiAgICBsZXQgZGlyZWN0b3J5ID0gdGVtcGZpbGU6OnRlbXBkaXIoKS5leHBlY3QoInRlbXBvcmFyeSBkaXJlY3RvcnkiKTsKICAgIGxldCBjbGF1ZGVfcm9vdCA9IGRpcmVjdG9yeS5wYXRoKCkuam9pbigiY2xhdWRlIik7CiAgICBsZXQgY29kZXhfcm9vdCA9IGRpcmVjdG9yeS5wYXRoKCkuam9pbigiY29kZXgiKTsKICAgIHN0ZDo6ZnM6OmNyZWF0ZV9kaXJfYWxsKCZjbGF1ZGVfcm9vdCkuZXhwZWN0KCJDbGF1ZGUgcm9vdCIpOwogICAgc3RkOjpmczo6Y3JlYXRlX2Rpcl9hbGwoJmNvZGV4X3Jvb3QpLmV4cGVjdCgiQ29kZXggcm9vdCIpOwogICAgc3RkOjpmczo6d3JpdGUoCiAgICAgICAgY2xhdWRlX3Jvb3Quam9pbigic2Vzc2lvbi5qc29ubCIpLAogICAgICAgIGNvbmNhdCEoCiAgICAgICAgICAgICJ7XCJ0eXBlXCI6XCJ1c2VyXCIsXCJzZXNzaW9uSWRcIjpcImNsYXVkZS0xXCIsXCJ1dWlkXCI6XCJ1MVwiLFwibWVzc2FnZVwiOntcInJvbGVcIjpcInVzZXJcIixcImNvbnRlbnRcIjpcIldoZXJlIGlzIHRoZSBwaG9zcGhvcmVzY2VudC13b21iYXQgYnVnP1wifX1cbiIsCiAgICAgICAgICAgICJ7XCJ0eXBlXCI6XCJhc3Npc3RhbnRcIixcInNlc3Npb25JZFwiOlwiY2xhdWRlLTFcIixcInV1aWRcIjpcImExXCIsXCJtZXNzYWdlXCI6e1wicm9sZVwiOlwiYXNzaXN0YW50XCIsXCJjb250ZW50XCI6XCJJdCBpcyBpbiBzdG9yYWdlLnJzXCJ9fVxuIiwKICAgICAgICApLAogICAgKQogICAgLmV4cGVjdCgiQ2xhdWRlIGZpeHR1cmUiKTsKICAgIHN0ZDo6ZnM6OndyaXRlKAogICAgICAgIGNvZGV4X3Jvb3Quam9pbigicm9sbG91dC5qc29ubCIpLAogICAgICAgIGNvbmNhdCEoCiAgICAgICAgICAgICJ7XCJ0eXBlXCI6XCJzZXNzaW9uX21ldGFcIixcInBheWxvYWRcIjp7XCJpZFwiOlwiY29kZXgtMVwifX1cbiIsCiAgICAgICAgICAgICJ7XCJ0eXBlXCI6XCJyZXNwb25zZV9pdGVtXCIsXCJwYXlsb2FkXCI6e1widHlwZVwiOlwibWVzc2FnZVwiLFwiaWRcIjpcIm0xXCIsXCJyb2xlXCI6XCJ1c2VyXCIsXCJjb250ZW50XCI6W3tcInR5cGVcIjpcImlucHV0X3RleHRcIixcInRleHRcIjpcImNoZWNrIHRoZSBkYXRhYmFzZVwifV19fVxuIiwKICAgICAgICApLAogICAgKQogICAgLmV4cGVjdCgiQ29kZXggZml4dHVyZSIpOwoKICAgIGxldCBkYXRhYmFzZSA9IGRpcmVjdG9yeS5wYXRoKCkuam9pbigiY2Fzcy5zcWxpdGUzIik7CiAgICBsZXQgZGF0YWJhc2UgPSBkYXRhYmFzZS50b19zdHIoKS5leHBlY3QoIlVURi04IGRhdGFiYXNlIHBhdGgiKTsKICAgIGxldCBjbGF1ZGVfcm9vdCA9IGNsYXVkZV9yb290LnRvX3N0cigpLmV4cGVjdCgiVVRGLTggQ2xhdWRlIHBhdGgiKTsKICAgIGxldCBjb2RleF9yb290ID0gY29kZXhfcm9vdC50b19zdHIoKS5leHBlY3QoIlVURi04IENvZGV4IHBhdGgiKTsKICAgIGxldCBpbmRleGVkID0gcnVuX2pzb24oJlsKICAgICAgICAiLS1kYiIsCiAgICAgICAgZGF0YWJhc2UsCiAgICAgICAgImluZGV4IiwKICAgICAgICAiLS1mdWxsIiwKICAgICAgICAiLS1jbGF1ZGUtcm9vdCIsCiAgICAgICAgY2xhdWRlX3Jvb3QsCiAgICAgICAgIi0tY29kZXgtcm9vdCIsCiAgICAgICAgY29kZXhfcm9vdCwKICAgIF0pOwogICAgYXNzZXJ0X2VxIShpbmRleGVkWyJpbmRleGVkX2NvbnZlcnNhdGlvbnMiXSwgMik7CiAgICBhc3NlcnRfZXEhKGluZGV4ZWRbImluZGV4ZWRfbWVzc2FnZXMiXSwgMyk7CgogICAgbGV0IGZvdW5kID0gcnVuX2pzb24oJlsKICAgICAgICAiLS1kYiIsCiAgICAgICAgZGF0YWJhc2UsCiAgICAgICAgInNlYXJjaCIsCiAgICAgICAgInBob3NwaG9yZXNjZW50IiwKICAgICAgICAiLS1wcm92aWRlciIsCiAgICAgICAgImNsYXVkZS1jb2RlIiwKICAgIF0pOwogICAgYXNzZXJ0X2VxIShmb3VuZFsicmVhbGl6ZWRfbW9kZSJdLCAibGV4aWNhbCIpOwogICAgbGV0IG1lc3NhZ2VfaWQgPSBmb3VuZFsicmVzdWx0cyJdWzBdWyJpZCJdCiAgICAgICAgLmFzX3N0cigpCiAgICAgICAgLmV4cGVjdCgicmVzdWx0IG1lc3NhZ2UgSUQiKTsKCiAgICBsZXQgdmlld2VkID0gcnVuX2pzb24oJlsiLS1kYiIsIGRhdGFiYXNlLCAidmlldyIsIG1lc3NhZ2VfaWQsICItLWNvbnRleHQiLCAiMTAiXSk7CiAgICBhc3NlcnRfZXEhKHZpZXdlZFsibWVzc2FnZXMiXS5hc19hcnJheSgpLm1hcChWZWM6OmxlbiksIFNvbWUoMikpOwoKICAgIGxldCBmb3Jnb3R0ZW4gPSBydW5fanNvbigmWyItLWRiIiwgZGF0YWJhc2UsICJmb3JnZXQiLCAiY2xhdWRlLTEiXSk7CiAgICBhc3NlcnRfZXEhKGZvcmdvdHRlblsiZm9yZ290dGVuIl0sIHRydWUpOwogICAgbGV0IGFic2VudCA9IHJ1bl9qc29uKCZbIi0tZGIiLCBkYXRhYmFzZSwgInNlYXJjaCIsICJwaG9zcGhvcmVzY2VudCJdKTsKICAgIGFzc2VydF9lcSEoYWJzZW50WyJyZXN1bHRzIl0uYXNfYXJyYXkoKS5tYXAoVmVjOjpsZW4pLCBTb21lKDApKTsKfQo=","evidence_hash":"db6f2e09eaee1d41007136f51ab276c1bc975e6f9d56ce8fd0bf8e5f4f8ae91e","citations":[],"dependencies":[]}}
{"provider":"rust-tests","evidence_id":"rust-tests::coding-agent-search::test::cli_contract::lexical_search_applies_recency_filter","evidence":{"provider_name":"rust-tests","producer":"rust-test","producer_local_id":"coding-agent-search::test::cli_contract::lexical_search_applies_recency_filter","source":{"path":"app/tests/cli_contract.rs","start_line":316,"end_line":348},"canonical_evidence":"I1t0ZXN0XQpmbiBsZXhpY2FsX3NlYXJjaF9hcHBsaWVzX3JlY2VuY3lfZmlsdGVyKCkgewogICAgbGV0IGRpcmVjdG9yeSA9IHRlbXBmaWxlOjp0ZW1wZGlyKCkuZXhwZWN0KCJ0ZW1wb3JhcnkgZGlyZWN0b3J5Iik7CiAgICBsZXQgY2xhdWRlX3Jvb3QgPSBkaXJlY3RvcnkucGF0aCgpLmpvaW4oImNsYXVkZSIpOwogICAgbGV0IGNvZGV4X3Jvb3QgPSBkaXJlY3RvcnkucGF0aCgpLmpvaW4oImNvZGV4Iik7CiAgICBzdGQ6OmZzOjpjcmVhdGVfZGlyX2FsbCgmY2xhdWRlX3Jvb3QpLmV4cGVjdCgiQ2xhdWRlIHJvb3QiKTsKICAgIHN0ZDo6ZnM6OmNyZWF0ZV9kaXJfYWxsKCZjb2RleF9yb290KS5leHBlY3QoIkNvZGV4IHJvb3QiKTsKICAgIHN0ZDo6ZnM6OndyaXRlKAogICAgICAgIGNsYXVkZV9yb290LmpvaW4oInNlc3Npb24uanNvbmwiKSwKICAgICAgICBjb25jYXQhKAogICAgICAgICAgICAie1widHlwZVwiOlwidXNlclwiLFwic2Vzc2lvbklkXCI6XCJyZWNlbmN5XCIsXCJ1dWlkXCI6XCJvbGRcIixcInRpbWVzdGFtcFwiOlwiMjAwMC0wMS0wMVQwMDowMDowMFpcIixcIm1lc3NhZ2VcIjp7XCJyb2xlXCI6XCJ1c2VyXCIsXCJjb250ZW50XCI6XCJ0ZW1wb3JhbCBvbGRcIn19XG4iLAogICAgICAgICAgICAie1widHlwZVwiOlwiYXNzaXN0YW50XCIsXCJzZXNzaW9uSWRcIjpcInJlY2VuY3lcIixcInV1aWRcIjpcIm5ld1wiLFwidGltZXN0YW1wXCI6XCIyMDk5LTAxLTAxVDAwOjAwOjAwWlwiLFwibWVzc2FnZVwiOntcInJvbGVcIjpcImFzc2lzdGFudFwiLFwiY29udGVudFwiOlwidGVtcG9yYWwgbmV3XCJ9fVxuIiwKICAgICAgICApLAogICAgKQogICAgLmV4cGVjdCgiQ2xhdWRlIGZpeHR1cmUiKTsKICAgIGxldCBkYXRhYmFzZSA9IGRpcmVjdG9yeS5wYXRoKCkuam9pbigiY2Fzcy5zcWxpdGUzIik7CiAgICBsZXQgZGF0YWJhc2UgPSBkYXRhYmFzZS50b19zdHIoKS5leHBlY3QoIlVURi04IGRhdGFiYXNlIHBhdGgiKTsKICAgIHJ1bl9qc29uKCZbCiAgICAgICAgIi0tZGIiLAogICAgICAgIGRhdGFiYXNlLAogICAgICAgICJpbmRleCIsCiAgICAgICAgIi0tY2xhdWRlLXJvb3QiLAogICAgICAgIGNsYXVkZV9yb290LnRvX3N0cigpLmV4cGVjdCgiVVRGLTggQ2xhdWRlIHBhdGgiKSwKICAgICAgICAiLS1jb2RleC1yb290IiwKICAgICAgICBjb2RleF9yb290LnRvX3N0cigpLmV4cGVjdCgiVVRGLTggQ29kZXggcGF0aCIpLAogICAgXSk7CgogICAgbGV0IGFsbCA9IHJ1bl9qc29uKCZbIi0tZGIiLCBkYXRhYmFzZSwgInNlYXJjaCIsICJ0ZW1wb3JhbCJdKTsKICAgIGFzc2VydF9lcSEoYWxsWyJyZXN1bHRzIl0uYXNfYXJyYXkoKS5tYXAoVmVjOjpsZW4pLCBTb21lKDIpKTsKICAgIGxldCByZWNlbnQgPSBydW5fanNvbigmWyItLWRiIiwgZGF0YWJhc2UsICJzZWFyY2giLCAidGVtcG9yYWwiLCAiLS1kYXlzIiwgIjMwIl0pOwogICAgYXNzZXJ0X2VxIShyZWNlbnRbInJlc3VsdHMiXS5hc19hcnJheSgpLm1hcChWZWM6OmxlbiksIFNvbWUoMSkpOwogICAgYXNzZXJ0X2VxIShyZWNlbnRbInJlc3VsdHMiXVswXVsiY29udGVudCJdLCAidGVtcG9yYWwgbmV3Iik7Cn0K","evidence_hash":"f70371b44b947b55fafc221f323d55e6509d88e20366ed26d250fa03f29dfe18","citations":[],"dependencies":[]}}
{"provider":"rust-tests","evidence_id":"rust-tests::coding-agent-search::test::cli_contract::maintained_repository_is_independent_and_minimal","evidence":{"provider_name":"rust-tests","producer":"rust-test","producer_local_id":"coding-agent-search::test::cli_contract::maintained_repository_is_independent_and_minimal","source":{"path":"app/tests/cli_contract.rs","start_line":351,"end_line":410},"canonical_evidence":"I1t0ZXN0XQpmbiBtYWludGFpbmVkX3JlcG9zaXRvcnlfaXNfaW5kZXBlbmRlbnRfYW5kX21pbmltYWwoKSB7CiAgICBsZXQgcm9vdCA9IHN0ZDo6cGF0aDo6UGF0aDo6bmV3KGVudiEoIkNBUkdPX01BTklGRVNUX0RJUiIpKTsKICAgIGZvciByZW1vdmVkIGluIFsKICAgICAgICAic3JjIiwKICAgICAgICAidGVzdHMiLAogICAgICAgICJiZW5jaGVzIiwKICAgICAgICAiZnV6eiIsCiAgICAgICAgInNjcmlwdHMiLAogICAgICAgICJkb2NzIiwKICAgICAgICAicGFja2FnaW5nIiwKICAgICAgICAiYnVpbGQucnMiLAogICAgXSB7CiAgICAgICAgbGV0IHBhdGggPSByb290LmpvaW4ocmVtb3ZlZCk7CiAgICAgICAgbGV0IGFic2VudCA9IGlmIHBhdGguaXNfZGlyKCkgewogICAgICAgICAgICBzdGQ6OmZzOjpyZWFkX2RpcigmcGF0aCkKICAgICAgICAgICAgICAgIC5leHBlY3QoInJlYWQgcmVtb3ZlZCBkaXJlY3RvcnkiKQogICAgICAgICAgICAgICAgLm5leHQoKQogICAgICAgICAgICAgICAgLmlzX25vbmUoKQogICAgICAgIH0gZWxzZSB7CiAgICAgICAgICAgICFwYXRoLmV4aXN0cygpCiAgICAgICAgfTsKICAgICAgICBhc3NlcnQhKGFic2VudCwgInJlbW92ZWQgbGVnYWN5IHBhdGggc3RpbGwgaGFzIGZpbGVzOiB7cmVtb3ZlZH0iKTsKICAgIH0KCiAgICBsZXQgZm9yYmlkZGVuID0gWwogICAgICAgIGNvbmNhdCEoImZyYW5rZW4iLCAic3FsaXRlIiksCiAgICAgICAgY29uY2F0ISgiZnJhbmtlbiIsICJzZWFyY2giKSwKICAgICAgICBjb25jYXQhKCJmcmFua2VuIiwgInRvcmNoIiksCiAgICAgICAgY29uY2F0ISgiZnJhbmtlbiIsICJ0dWkiKSwKICAgICAgICBjb25jYXQhKCJmcmFua2VuXyIsICJhZ2VudF9kZXRlY3Rpb24iKSwKICAgICAgICBjb25jYXQhKCJhc3UiLCAicGVyc3luYyIpLAogICAgICAgIGNvbmNhdCEoIkRpY2tsZXMiLCAid29ydGhzdG9uZSIpLAogICAgXTsKICAgIGxldCBtdXQgbWFpbnRhaW5lZCA9IFN0cmluZzo6bmV3KCk7CiAgICBmb3IgZmlsZSBpbiBbCiAgICAgICAgIkNhcmdvLnRvbWwiLAogICAgICAgICJDYXJnby5sb2NrIiwKICAgICAgICAiUkVBRE1FLm1kIiwKICAgICAgICAiQUdFTlRTLm1kIiwKICAgICAgICAiLmdpdGh1Yi93b3JrZmxvd3MvY2kueW1sIiwKICAgIF0gewogICAgICAgIG1haW50YWluZWQucHVzaF9zdHIoJnN0ZDo6ZnM6OnJlYWRfdG9fc3RyaW5nKHJvb3Quam9pbihmaWxlKSkuZXhwZWN0KCJtYWludGFpbmVkIGZpbGUiKSk7CiAgICB9CiAgICBmb3IgZW50cnkgaW4gd2Fsa2Rpcjo6V2Fsa0Rpcjo6bmV3KHJvb3Quam9pbigiYXBwIikpIHsKICAgICAgICBsZXQgZW50cnkgPSBlbnRyeS5leHBlY3QoIndhbGsgYXBwIHNvdXJjZSIpOwogICAgICAgIGlmIGVudHJ5LmZpbGVfdHlwZSgpLmlzX2ZpbGUoKSB7CiAgICAgICAgICAgIG1haW50YWluZWQucHVzaF9zdHIoCiAgICAgICAgICAgICAgICAmc3RkOjpmczo6cmVhZF90b19zdHJpbmcoZW50cnkucGF0aCgpKS5leHBlY3QoIlVURi04IG1haW50YWluZWQgUnVzdCBzb3VyY2UiKSwKICAgICAgICAgICAgKTsKICAgICAgICB9CiAgICB9CiAgICBsZXQgbWFpbnRhaW5lZCA9IG1haW50YWluZWQudG9fYXNjaWlfbG93ZXJjYXNlKCk7CiAgICBmb3IgbmFtZSBpbiBmb3JiaWRkZW4gewogICAgICAgIGFzc2VydCEoCiAgICAgICAgICAgICFtYWludGFpbmVkLmNvbnRhaW5zKCZuYW1lLnRvX2FzY2lpX2xvd2VyY2FzZSgpKSwKICAgICAgICAgICAgInByb2hpYml0ZWQgZGVwZW5kZW5jeSBzdXJmYWNlIHJlbWFpbnM6IHtuYW1lfSIKICAgICAgICApOwogICAgfQp9Cg==","evidence_hash":"2655ac292a7cbf8b832e127e02d97c44fb0e680c3328f2625afb73d78e855f13","citations":[],"dependencies":[]}}
{"provider":"rust-tests","evidence_id":"rust-tests::coding-agent-search::test::cli_contract::malformed_records_are_bounded_and_reindexing_is_idempotent","evidence":{"provider_name":"rust-tests","producer":"rust-test","producer_local_id":"coding-agent-search::test::cli_contract::malformed_records_are_bounded_and_reindexing_is_idempotent","source":{"path":"app/tests/cli_contract.rs","start_line":160,"end_line":204},"canonical_evidence":"I1t0ZXN0XQpmbiBtYWxmb3JtZWRfcmVjb3Jkc19hcmVfYm91bmRlZF9hbmRfcmVpbmRleGluZ19pc19pZGVtcG90ZW50KCkgewogICAgbGV0IGRpcmVjdG9yeSA9IHRlbXBmaWxlOjp0ZW1wZGlyKCkuZXhwZWN0KCJ0ZW1wb3JhcnkgZGlyZWN0b3J5Iik7CiAgICBsZXQgY2xhdWRlX3Jvb3QgPSBkaXJlY3RvcnkucGF0aCgpLmpvaW4oImNsYXVkZSIpOwogICAgbGV0IGNvZGV4X3Jvb3QgPSBkaXJlY3RvcnkucGF0aCgpLmpvaW4oImNvZGV4Iik7CiAgICBzdGQ6OmZzOjpjcmVhdGVfZGlyX2FsbCgmY2xhdWRlX3Jvb3QpLmV4cGVjdCgiQ2xhdWRlIHJvb3QiKTsKICAgIHN0ZDo6ZnM6OmNyZWF0ZV9kaXJfYWxsKCZjb2RleF9yb290KS5leHBlY3QoIkNvZGV4IHJvb3QiKTsKICAgIHN0ZDo6ZnM6OndyaXRlKAogICAgICAgIGNsYXVkZV9yb290LmpvaW4oInNlc3Npb24uanNvbmwiKSwKICAgICAgICBjb25jYXQhKAogICAgICAgICAgICAidGhpcyBpcyBub3QgSlNPTlxuIiwKICAgICAgICAgICAgIntcInR5cGVcIjpcInVzZXJcIixcInNlc3Npb25JZFwiOlwic3RhYmxlLXNlc3Npb25cIixcInV1aWRcIjpcInN0YWJsZS1tZXNzYWdlXCIsXCJtZXNzYWdlXCI6e1wicm9sZVwiOlwidXNlclwiLFwiY29udGVudFwiOlwicGVyc2lzdGVudCBuZWVkbGVcIn19XG4iLAogICAgICAgICksCiAgICApCiAgICAuZXhwZWN0KCJtaXhlZCBmaXh0dXJlIik7CgogICAgbGV0IGRhdGFiYXNlID0gZGlyZWN0b3J5LnBhdGgoKS5qb2luKCJjYXNzLnNxbGl0ZTMiKTsKICAgIGxldCBhcmd1bWVudHMgPSBbCiAgICAgICAgIi0tZGIiLAogICAgICAgIGRhdGFiYXNlLnRvX3N0cigpLmV4cGVjdCgiVVRGLTggZGF0YWJhc2UgcGF0aCIpLAogICAgICAgICJpbmRleCIsCiAgICAgICAgIi0tZnVsbCIsCiAgICAgICAgIi0tY2xhdWRlLXJvb3QiLAogICAgICAgIGNsYXVkZV9yb290LnRvX3N0cigpLmV4cGVjdCgiVVRGLTggQ2xhdWRlIHBhdGgiKSwKICAgICAgICAiLS1jb2RleC1yb290IiwKICAgICAgICBjb2RleF9yb290LnRvX3N0cigpLmV4cGVjdCgiVVRGLTggQ29kZXggcGF0aCIpLAogICAgXTsKICAgIGxldCBmaXJzdCA9IHJ1bl9qc29uKCZhcmd1bWVudHMpOwogICAgbGV0IHNlY29uZCA9IHJ1bl9qc29uKCZhcmd1bWVudHMpOwoKICAgIGFzc2VydF9lcSEoZmlyc3RbIm1hbGZvcm1lZF9yZWNvcmRzIl0sIDEpOwogICAgYXNzZXJ0X2VxIShmaXJzdFsiaW5kZXhlZF9jb252ZXJzYXRpb25zIl0sIDEpOwogICAgYXNzZXJ0X2VxIShmaXJzdFsiaW5kZXhlZF9tZXNzYWdlcyJdLCAxKTsKICAgIGFzc2VydF9lcSEoc2Vjb25kWyJtYWxmb3JtZWRfcmVjb3JkcyJdLCAxKTsKICAgIGFzc2VydF9lcSEoc2Vjb25kWyJpbmRleGVkX2NvbnZlcnNhdGlvbnMiXSwgMSk7CiAgICBhc3NlcnRfZXEhKHNlY29uZFsiaW5kZXhlZF9tZXNzYWdlcyJdLCAxKTsKCiAgICBsZXQgZm91bmQgPSBydW5fanNvbigmWwogICAgICAgICItLWRiIiwKICAgICAgICBkYXRhYmFzZS50b19zdHIoKS5leHBlY3QoIlVURi04IGRhdGFiYXNlIHBhdGgiKSwKICAgICAgICAic2VhcmNoIiwKICAgICAgICAicGVyc2lzdGVudCIsCiAgICBdKTsKICAgIGFzc2VydF9lcSEoZm91bmRbInJlc3VsdHMiXS5hc19hcnJheSgpLm1hcChWZWM6OmxlbiksIFNvbWUoMSkpOwp9Cg==","evidence_hash":"c4d4de540404095508c89cf708c45774ccbc6382297f6ccfc8be33478312d424","citations":[],"dependencies":[]}}
{"provider":"rust-tests","evidence_id":"rust-tests::coding-agent-search::test::cli_contract::removed_commands_are_rejected","evidence":{"provider_name":"rust-tests","producer":"rust-test","producer_local_id":"coding-agent-search::test::cli_contract::removed_commands_are_rejected","source":{"path":"app/tests/cli_contract.rs","start_line":30,"end_line":40},"canonical_evidence":"I1t0ZXN0XQpmbiByZW1vdmVkX2NvbW1hbmRzX2FyZV9yZWplY3RlZCgpIHsKICAgIGZvciBjb21tYW5kIGluIFsiZXhwb3J0IiwgImRvY3RvciIsICJsaXN0IiwgInNvdXJjZXMiXSB7CiAgICAgICAgQ29tbWFuZDo6Y2FyZ29fYmluKCJjYXNzIikKICAgICAgICAgICAgLmV4cGVjdCgiY2FzcyBiaW5hcnkiKQogICAgICAgICAgICAuYXJnKGNvbW1hbmQpCiAgICAgICAgICAgIC5hc3NlcnQoKQogICAgICAgICAgICAuZmFpbHVyZSgpCiAgICAgICAgICAgIC5zdGRlcnIocHJlZGljYXRlOjpzdHI6OmNvbnRhaW5zKCJ1bnJlY29nbml6ZWQgc3ViY29tbWFuZCIpKTsKICAgIH0KfQo=","evidence_hash":"275f03c6550e44f8e8e53fd19f10b00c9268b562e8dac662a0ff4c0bd34d37d9","citations":[],"dependencies":[]}}
{"provider":"rust-tests","evidence_id":"rust-tests::coding-agent-search::test::cli_contract::search_without_models_falls_back_without_downloading","evidence":{"provider_name":"rust-tests","producer":"rust-test","producer_local_id":"coding-agent-search::test::cli_contract::search_without_models_falls_back_without_downloading","source":{"path":"app/tests/cli_contract.rs","start_line":208,"end_line":254},"canonical_evidence":"I1t0ZXN0XQpmbiBzZWFyY2hfd2l0aG91dF9tb2RlbHNfZmFsbHNfYmFja193aXRob3V0X2Rvd25sb2FkaW5nKCkgewogICAgbGV0IGRpcmVjdG9yeSA9IHRlbXBmaWxlOjp0ZW1wZGlyKCkuZXhwZWN0KCJ0ZW1wb3JhcnkgZGlyZWN0b3J5Iik7CiAgICBsZXQgY2xhdWRlX3Jvb3QgPSBkaXJlY3RvcnkucGF0aCgpLmpvaW4oImNsYXVkZSIpOwogICAgbGV0IGNvZGV4X3Jvb3QgPSBkaXJlY3RvcnkucGF0aCgpLmpvaW4oImNvZGV4Iik7CiAgICBsZXQgZGF0YV9ob21lID0gZGlyZWN0b3J5LnBhdGgoKS5qb2luKCJkYXRhIik7CiAgICBzdGQ6OmZzOjpjcmVhdGVfZGlyX2FsbCgmY2xhdWRlX3Jvb3QpLmV4cGVjdCgiQ2xhdWRlIHJvb3QiKTsKICAgIHN0ZDo6ZnM6OmNyZWF0ZV9kaXJfYWxsKCZjb2RleF9yb290KS5leHBlY3QoIkNvZGV4IHJvb3QiKTsKICAgIHN0ZDo6ZnM6OndyaXRlKAogICAgICAgIGNsYXVkZV9yb290LmpvaW4oInNlc3Npb24uanNvbmwiKSwKICAgICAgICAie1widHlwZVwiOlwidXNlclwiLFwic2Vzc2lvbklkXCI6XCJmYWxsYmFja1wiLFwidXVpZFwiOlwibTFcIixcIm1lc3NhZ2VcIjp7XCJyb2xlXCI6XCJ1c2VyXCIsXCJjb250ZW50XCI6XCJsZXhpY2FsLW9ubHkgcHJvb2ZcIn19XG4iLAogICAgKQogICAgLmV4cGVjdCgiQ2xhdWRlIGZpeHR1cmUiKTsKICAgIGxldCBkYXRhYmFzZSA9IGRpcmVjdG9yeS5wYXRoKCkuam9pbigiY2Fzcy5zcWxpdGUzIik7CgogICAgQ29tbWFuZDo6Y2FyZ29fYmluKCJjYXNzIikKICAgICAgICAuZXhwZWN0KCJjYXNzIGJpbmFyeSIpCiAgICAgICAgLmVudigiWERHX0RBVEFfSE9NRSIsICZkYXRhX2hvbWUpCiAgICAgICAgLmFyZ3MoWwogICAgICAgICAgICAiLS1kYiIsCiAgICAgICAgICAgIGRhdGFiYXNlLnRvX3N0cigpLmV4cGVjdCgiVVRGLTggZGF0YWJhc2UgcGF0aCIpLAogICAgICAgICAgICAiaW5kZXgiLAogICAgICAgICAgICAiLS1jbGF1ZGUtcm9vdCIsCiAgICAgICAgICAgIGNsYXVkZV9yb290LnRvX3N0cigpLmV4cGVjdCgiVVRGLTggQ2xhdWRlIHBhdGgiKSwKICAgICAgICAgICAgIi0tY29kZXgtcm9vdCIsCiAgICAgICAgICAgIGNvZGV4X3Jvb3QudG9fc3RyKCkuZXhwZWN0KCJVVEYtOCBDb2RleCBwYXRoIiksCiAgICAgICAgXSkKICAgICAgICAuYXNzZXJ0KCkKICAgICAgICAuc3VjY2VzcygpOwogICAgbGV0IG91dHB1dCA9IENvbW1hbmQ6OmNhcmdvX2JpbigiY2FzcyIpCiAgICAgICAgLmV4cGVjdCgiY2FzcyBiaW5hcnkiKQogICAgICAgIC5lbnYoIlhER19EQVRBX0hPTUUiLCAmZGF0YV9ob21lKQogICAgICAgIC5hcmdzKFsKICAgICAgICAgICAgIi0tZGIiLAogICAgICAgICAgICBkYXRhYmFzZS50b19zdHIoKS5leHBlY3QoIlVURi04IGRhdGFiYXNlIHBhdGgiKSwKICAgICAgICAgICAgInNlYXJjaCIsCiAgICAgICAgICAgICJsZXhpY2FsIiwKICAgICAgICBdKQogICAgICAgIC5vdXRwdXQoKQogICAgICAgIC5leHBlY3QoInJ1biBzZWFyY2giKTsKCiAgICBhc3NlcnQhKG91dHB1dC5zdGF0dXMuc3VjY2VzcygpKTsKICAgIGxldCBib2R5OiBWYWx1ZSA9IHNlcmRlX2pzb246OmZyb21fc2xpY2UoJm91dHB1dC5zdGRvdXQpLmV4cGVjdCgiSlNPTiBzZWFyY2giKTsKICAgIGFzc2VydF9lcSEoYm9keVsicmVhbGl6ZWRfbW9kZSJdLCAibGV4aWNhbCIpOwogICAgYXNzZXJ0X2VxIShib2R5WyJmYWxsYmFja19tb2RlIl0sICJsZXhpY2FsIik7CiAgICBhc3NlcnQhKCFkYXRhX2hvbWUuZXhpc3RzKCksICJzZWFyY2ggbXVzdCBub3QgYWNxdWlyZSBtb2RlbCBhc3NldHMiKTsKfQo=","evidence_hash":"ea8bba194438b75b61c04d98274448ee210b1447b9f6bc2d0a16ac5b7e35f6ef","citations":[],"dependencies":[]}}
{"provider":"rust-tests","evidence_id":"rust-tests::coding-agent-search::test::cli_contract::status_without_a_database_recommends_index","evidence":{"provider_name":"rust-tests","producer":"rust-test","producer_local_id":"coding-agent-search::test::cli_contract::status_without_a_database_recommends_index","source":{"path":"app/tests/cli_contract.rs","start_line":43,"end_line":60},"canonical_evidence":"I1t0ZXN0XQpmbiBzdGF0dXNfd2l0aG91dF9hX2RhdGFiYXNlX3JlY29tbWVuZHNfaW5kZXgoKSB7CiAgICBsZXQgZGlyZWN0b3J5ID0gdGVtcGZpbGU6OnRlbXBkaXIoKS5leHBlY3QoInRlbXBvcmFyeSBkaXJlY3RvcnkiKTsKICAgIGxldCBvdXRwdXQgPSBDb21tYW5kOjpjYXJnb19iaW4oImNhc3MiKQogICAgICAgIC5leHBlY3QoImNhc3MgYmluYXJ5IikKICAgICAgICAuYXJncyhbCiAgICAgICAgICAgICItLWRiIiwKICAgICAgICAgICAgZGlyZWN0b3J5LnBhdGgoKS5qb2luKCJtaXNzaW5nLnNxbGl0ZTMiKS50b19zdHIoKS51bndyYXAoKSwKICAgICAgICAgICAgInN0YXR1cyIsCiAgICAgICAgXSkKICAgICAgICAub3V0cHV0KCkKICAgICAgICAuZXhwZWN0KCJydW4gY2FzcyBzdGF0dXMiKTsKCiAgICBhc3NlcnQhKG91dHB1dC5zdGF0dXMuc3VjY2VzcygpKTsKICAgIGxldCBib2R5OiBWYWx1ZSA9IHNlcmRlX2pzb246OmZyb21fc2xpY2UoJm91dHB1dC5zdGRvdXQpLmV4cGVjdCgiSlNPTiBzdGF0dXMiKTsKICAgIGFzc2VydF9lcSEoYm9keVsicmVhZHkiXSwgZmFsc2UpOwogICAgYXNzZXJ0X2VxIShib2R5WyJyZWNvbW1lbmRlZF9hY3Rpb24iXSwgImluZGV4Iik7Cn0K","evidence_hash":"a6efcc24e69e01f393bd0e5396ab44e9c63ff163b92ff434ba77ccacbb45c1db","citations":[],"dependencies":[]}}
{"provider":"rust-tests","evidence_id":"rust-tests::coding-agent-search::test::cli_contract::unsupported_provider_records_are_ignored","evidence":{"provider_name":"rust-tests","producer":"rust-test","producer_local_id":"coding-agent-search::test::cli_contract::unsupported_provider_records_are_ignored","source":{"path":"app/tests/cli_contract.rs","start_line":129,"end_line":156},"canonical_evidence":"I1t0ZXN0XQpmbiB1bnN1cHBvcnRlZF9wcm92aWRlcl9yZWNvcmRzX2FyZV9pZ25vcmVkKCkgewogICAgbGV0IGRpcmVjdG9yeSA9IHRlbXBmaWxlOjp0ZW1wZGlyKCkuZXhwZWN0KCJ0ZW1wb3JhcnkgZGlyZWN0b3J5Iik7CiAgICBsZXQgY2xhdWRlX3Jvb3QgPSBkaXJlY3RvcnkucGF0aCgpLmpvaW4oImNsYXVkZSIpOwogICAgbGV0IGNvZGV4X3Jvb3QgPSBkaXJlY3RvcnkucGF0aCgpLmpvaW4oImNvZGV4Iik7CiAgICBzdGQ6OmZzOjpjcmVhdGVfZGlyX2FsbCgmY2xhdWRlX3Jvb3QpLmV4cGVjdCgiQ2xhdWRlIHJvb3QiKTsKICAgIHN0ZDo6ZnM6OmNyZWF0ZV9kaXJfYWxsKCZjb2RleF9yb290KS5leHBlY3QoIkNvZGV4IHJvb3QiKTsKICAgIHN0ZDo6ZnM6OndyaXRlKAogICAgICAgIGNsYXVkZV9yb290LmpvaW4oInVuc3VwcG9ydGVkLmpzb25sIiksCiAgICAgICAgIntcInR5cGVcIjpcIm1lc3NhZ2VcIixcInJvbGVcIjpcInVzZXJcIixcImNvbnRlbnRcIjpcIm5vdCBzdXBwb3J0ZWRcIn1cbiIsCiAgICApCiAgICAuZXhwZWN0KCJ1bnN1cHBvcnRlZCBmaXh0dXJlIik7CgogICAgbGV0IGRhdGFiYXNlID0gZGlyZWN0b3J5LnBhdGgoKS5qb2luKCJjYXNzLnNxbGl0ZTMiKTsKICAgIGxldCBpbmRleGVkID0gcnVuX2pzb24oJlsKICAgICAgICAiLS1kYiIsCiAgICAgICAgZGF0YWJhc2UudG9fc3RyKCkuZXhwZWN0KCJVVEYtOCBkYXRhYmFzZSBwYXRoIiksCiAgICAgICAgImluZGV4IiwKICAgICAgICAiLS1jbGF1ZGUtcm9vdCIsCiAgICAgICAgY2xhdWRlX3Jvb3QudG9fc3RyKCkuZXhwZWN0KCJVVEYtOCBDbGF1ZGUgcGF0aCIpLAogICAgICAgICItLWNvZGV4LXJvb3QiLAogICAgICAgIGNvZGV4X3Jvb3QudG9fc3RyKCkuZXhwZWN0KCJVVEYtOCBDb2RleCBwYXRoIiksCiAgICBdKTsKCiAgICBhc3NlcnRfZXEhKGluZGV4ZWRbInNjYW5uZWRfZmlsZXMiXSwgMSk7CiAgICBhc3NlcnRfZXEhKGluZGV4ZWRbImluZGV4ZWRfY29udmVyc2F0aW9ucyJdLCAwKTsKICAgIGFzc2VydF9lcSEoaW5kZXhlZFsiaW5kZXhlZF9tZXNzYWdlcyJdLCAwKTsKfQo=","evidence_hash":"88e2c4bbceea00efbb723b34f4caa81671830eb3d5f7665389558ded588dcf12","citations":[],"dependencies":[]}}
{"provider":"rust-tests","proof":"173e1c826a6a48f445a1cbb3acd5cea1ed949d9d2e06037233ee1138fdc38b2d"}
