{"kind":"veritas-evidence","schema":1}
{"provider":"rust-tests","evidence_id":"rust-tests::coding-agent-search::lib::coding_agent_search::cli::tests::command_surface_contains_only_the_contract_commands","evidence":{"provider_name":"rust-tests","producer":"rust-test","producer_local_id":"coding-agent-search::lib::coding_agent_search::cli::tests::command_surface_contains_only_the_contract_commands","source":{"path":"app/cli.rs","start_line":243,"end_line":254},"canonical_evidence":"I1t0ZXN0XQogICAgZm4gY29tbWFuZF9zdXJmYWNlX2NvbnRhaW5zX29ubHlfdGhlX2NvbnRyYWN0X2NvbW1hbmRzKCkgewogICAgICAgIGxldCBjb21tYW5kID0gQ2xpOjpjb21tYW5kKCk7CiAgICAgICAgbGV0IG5hbWVzOiBWZWM8Xz4gPSBjb21tYW5kCiAgICAgICAgICAgIC5nZXRfc3ViY29tbWFuZHMoKQogICAgICAgICAgICAubWFwKHxjb21tYW5kfCBjb21tYW5kLmdldF9uYW1lKCkudG9fb3duZWQoKSkKICAgICAgICAgICAgLmNvbGxlY3QoKTsKICAgICAgICBhc3NlcnRfZXEhKAogICAgICAgICAgICBuYW1lcywKICAgICAgICAgICAgWyJpbmRleCIsICJzZWFyY2giLCAidmlldyIsICJzdGF0dXMiLCAiZm9yZ2V0IiwgIm1vZGVscyJdCiAgICAgICAgKTsKICAgIH0K","evidence_hash":"ddc254d7649dbfee45859086f6afc4f6a3e659eece767cecdf3a85471a57fd1e","citations":[],"dependencies":[]}}
{"provider":"rust-tests","evidence_id":"rust-tests::coding-agent-search::lib::coding_agent_search::ingestion::tests::claude_parser_skips_malformed_lines_and_keeps_messages","evidence":{"provider_name":"rust-tests","producer":"rust-test","producer_local_id":"coding-agent-search::lib::coding_agent_search::ingestion::tests::claude_parser_skips_malformed_lines_and_keeps_messages","source":{"path":"app/ingestion.rs","start_line":326,"end_line":339},"canonical_evidence":"I1t0ZXN0XQogICAgZm4gY2xhdWRlX3BhcnNlcl9za2lwc19tYWxmb3JtZWRfbGluZXNfYW5kX2tlZXBzX21lc3NhZ2VzKCkgewogICAgICAgIGxldCBtdXQgZmlsZSA9IHRlbXBmaWxlOjpOYW1lZFRlbXBGaWxlOjpuZXcoKS5leHBlY3QoInRlbXBvcmFyeSBKU09OTCIpOwogICAgICAgIHdyaXRlbG4hKGZpbGUsICJub3QtanNvbiIpLmV4cGVjdCgibWFsZm9ybWVkIGxpbmUiKTsKICAgICAgICB3cml0ZWxuIShmaWxlLCByIyJ7eyJ0eXBlIjoidXNlciIsInNlc3Npb25JZCI6InMxIiwidXVpZCI6InUxIiwidGltZXN0YW1wIjoiMjAyNi0wMS0wMVQwMDowMDowMFoiLCJtZXNzYWdlIjp7eyJyb2xlIjoidXNlciIsImNvbnRlbnQiOiJoZWxsbyJ9fX19IiMpLmV4cGVjdCgidXNlciBsaW5lIik7CiAgICAgICAgd3JpdGVsbiEoZmlsZSwgciMie3sidHlwZSI6ImFzc2lzdGFudCIsInNlc3Npb25JZCI6InMxIiwidXVpZCI6ImExIiwibWVzc2FnZSI6e3sicm9sZSI6ImFzc2lzdGFudCIsImNvbnRlbnQiOlt7eyJ0eXBlIjoidGV4dCIsInRleHQiOiJ3b3JsZCJ9fV19fX19IiMpLmV4cGVjdCgiYXNzaXN0YW50IGxpbmUiKTsKCiAgICAgICAgbGV0IHBhcnNlZCA9IHBhcnNlX2NsYXVkZShmaWxlLnBhdGgoKSkuZXhwZWN0KCJwYXJzZSBDbGF1ZGUgaGlzdG9yeSIpOwogICAgICAgIGxldCBjb252ZXJzYXRpb24gPSBwYXJzZWQuY29udmVyc2F0aW9uLmV4cGVjdCgiY29udmVyc2F0aW9uIik7CiAgICAgICAgYXNzZXJ0X2VxIShwYXJzZWQubWFsZm9ybWVkX3JlY29yZHMsIDEpOwogICAgICAgIGFzc2VydF9lcSEoY29udmVyc2F0aW9uLmlkLCAiczEiKTsKICAgICAgICBhc3NlcnRfZXEhKGNvbnZlcnNhdGlvbi5tZXNzYWdlcy5sZW4oKSwgMik7CiAgICAgICAgYXNzZXJ0X2VxIShjb252ZXJzYXRpb24ubWVzc2FnZXNbMV0uY29udGVudCwgIndvcmxkIik7CiAgICB9Cg==","evidence_hash":"c2d48256831e3b1254526c1e80204f8e8342efba80b8729202fcfb56287ada99","citations":[],"dependencies":[]}}
{"provider":"rust-tests","evidence_id":"rust-tests::coding-agent-search::lib::coding_agent_search::ingestion::tests::codex_parser_keeps_messages_and_tool_calls","evidence":{"provider_name":"rust-tests","producer":"rust-test","producer_local_id":"coding-agent-search::lib::coding_agent_search::ingestion::tests::codex_parser_keeps_messages_and_tool_calls","source":{"path":"app/ingestion.rs","start_line":342,"end_line":354},"canonical_evidence":"I1t0ZXN0XQogICAgZm4gY29kZXhfcGFyc2VyX2tlZXBzX21lc3NhZ2VzX2FuZF90b29sX2NhbGxzKCkgewogICAgICAgIGxldCBtdXQgZmlsZSA9IHRlbXBmaWxlOjpOYW1lZFRlbXBGaWxlOjpuZXcoKS5leHBlY3QoInRlbXBvcmFyeSBKU09OTCIpOwogICAgICAgIHdyaXRlbG4hKGZpbGUsIHIjInt7InR5cGUiOiJzZXNzaW9uX21ldGEiLCJwYXlsb2FkIjp7eyJpZCI6ImMxIn19fX0iIykuZXhwZWN0KCJtZXRhIGxpbmUiKTsKICAgICAgICB3cml0ZWxuIShmaWxlLCByIyJ7eyJ0eXBlIjoicmVzcG9uc2VfaXRlbSIsInBheWxvYWQiOnt7InR5cGUiOiJtZXNzYWdlIiwiaWQiOiJtMSIsInJvbGUiOiJ1c2VyIiwiY29udGVudCI6W3t7InR5cGUiOiJpbnB1dF90ZXh0IiwidGV4dCI6ImZpbmQgaXQifX1dfX19fSIjKS5leHBlY3QoIm1lc3NhZ2UgbGluZSIpOwogICAgICAgIHdyaXRlbG4hKGZpbGUsIHIjInt7InR5cGUiOiJyZXNwb25zZV9pdGVtIiwicGF5bG9hZCI6e3sidHlwZSI6ImZ1bmN0aW9uX2NhbGwiLCJjYWxsX2lkIjoiY2FsbDEiLCJuYW1lIjoic2VhcmNoIiwiYXJndW1lbnRzIjoie3tcInFcIjpcIm5lZWRsZVwifX0ifX19fSIjKS5leHBlY3QoInRvb2wgbGluZSIpOwoKICAgICAgICBsZXQgcGFyc2VkID0gcGFyc2VfY29kZXgoZmlsZS5wYXRoKCkpLmV4cGVjdCgicGFyc2UgQ29kZXggaGlzdG9yeSIpOwogICAgICAgIGxldCBjb252ZXJzYXRpb24gPSBwYXJzZWQuY29udmVyc2F0aW9uLmV4cGVjdCgiY29udmVyc2F0aW9uIik7CiAgICAgICAgYXNzZXJ0X2VxIShjb252ZXJzYXRpb24uaWQsICJjMSIpOwogICAgICAgIGFzc2VydF9lcSEoY29udmVyc2F0aW9uLm1lc3NhZ2VzLmxlbigpLCAyKTsKICAgICAgICBhc3NlcnQhKGNvbnZlcnNhdGlvbi5tZXNzYWdlc1sxXS5jb250ZW50LmNvbnRhaW5zKCJUb29sIHNlYXJjaCIpKTsKICAgIH0K","evidence_hash":"6972ccc501a618f62bd7551c524f2539623cdf1ed13421a441753a7e64672532","citations":[],"dependencies":[]}}
{"provider":"rust-tests","evidence_id":"rust-tests::coding-agent-search::lib::coding_agent_search::storage::tests::full_rebuild_is_idempotent","evidence":{"provider_name":"rust-tests","producer":"rust-test","producer_local_id":"coding-agent-search::lib::coding_agent_search::storage::tests::full_rebuild_is_idempotent","source":{"path":"app/storage.rs","start_line":281,"end_line":294},"canonical_evidence":"I1t0ZXN0XQogICAgZm4gZnVsbF9yZWJ1aWxkX2lzX2lkZW1wb3RlbnQoKSB7CiAgICAgICAgbGV0IGRpcmVjdG9yeSA9IHRlbXBmaWxlOjp0ZW1wZGlyKCkuZXhwZWN0KCJ0ZW1wb3JhcnkgZGlyZWN0b3J5Iik7CiAgICAgICAgbGV0IHN0b3JhZ2UgPSBTdG9yYWdlOjpvcGVuKCZkaXJlY3RvcnkucGF0aCgpLmpvaW4oImNhc3Muc3FsaXRlMyIpKS5leHBlY3QoIm9wZW4gZGF0YWJhc2UiKTsKICAgICAgICBzdG9yYWdlCiAgICAgICAgICAgIC5yZWJ1aWxkX2Rlcml2ZWRfc2VhcmNoX3N0YXRlKCkKICAgICAgICAgICAgLmV4cGVjdCgiZmlyc3QgcmVidWlsZCIpOwogICAgICAgIHN0b3JhZ2UKICAgICAgICAgICAgLnJlYnVpbGRfZGVyaXZlZF9zZWFyY2hfc3RhdGUoKQogICAgICAgICAgICAuZXhwZWN0KCJzZWNvbmQgcmVidWlsZCIpOwogICAgICAgIGxldCBjb3VudHMgPSBzdG9yYWdlLmNvdW50cygpLmV4cGVjdCgiY291bnRzIik7CiAgICAgICAgYXNzZXJ0X2VxIShjb3VudHMuY29udmVyc2F0aW9ucywgMCk7CiAgICAgICAgYXNzZXJ0X2VxIShjb3VudHMubWVzc2FnZXMsIDApOwogICAgfQo=","evidence_hash":"2df120d896fdcbeb2de99fbf04be88ac07ad35a2459a3f4d256784e85370efb1","citations":[],"dependencies":[]}}
{"provider":"rust-tests","evidence_id":"rust-tests::coding-agent-search::test::cli_contract::bare_invocation_prints_help_without_starting_an_interface","evidence":{"provider_name":"rust-tests","producer":"rust-test","producer_local_id":"coding-agent-search::test::cli_contract::bare_invocation_prints_help_without_starting_an_interface","source":{"path":"app/tests/cli_contract.rs","start_line":20,"end_line":27},"canonical_evidence":"I1t0ZXN0XQpmbiBiYXJlX2ludm9jYXRpb25fcHJpbnRzX2hlbHBfd2l0aG91dF9zdGFydGluZ19hbl9pbnRlcmZhY2UoKSB7CiAgICBDb21tYW5kOjpjYXJnb19iaW4oImNhc3MiKQogICAgICAgIC5leHBlY3QoImNhc3MgYmluYXJ5IikKICAgICAgICAuYXNzZXJ0KCkKICAgICAgICAuZmFpbHVyZSgpCiAgICAgICAgLnN0ZGVycihwcmVkaWNhdGU6OnN0cjo6Y29udGFpbnMoIlVzYWdlOiIpKTsKfQo=","evidence_hash":"e33b93642b5ce6a8e2f0ba440c3674e3e997f7be920c89dd02d83e3e9caf6a96","citations":[],"dependencies":[]}}
{"provider":"rust-tests","evidence_id":"rust-tests::coding-agent-search::test::cli_contract::index_search_view_and_forget_supported_histories","evidence":{"provider_name":"rust-tests","producer":"rust-test","producer_local_id":"coding-agent-search::test::cli_contract::index_search_view_and_forget_supported_histories","source":{"path":"app/tests/cli_contract.rs","start_line":65,"end_line":126},"canonical_evidence":"I1t0ZXN0XQpmbiBpbmRleF9zZWFyY2hfdmlld19hbmRfZm9yZ2V0X3N1cHBvcnRlZF9oaXN0b3JpZXMoKSB7CiAgICBsZXQgZGlyZWN0b3J5ID0gdGVtcGZpbGU6OnRlbXBkaXIoKS5leHBlY3QoInRlbXBvcmFyeSBkaXJlY3RvcnkiKTsKICAgIGxldCBjbGF1ZGVfcm9vdCA9IGRpcmVjdG9yeS5wYXRoKCkuam9pbigiY2xhdWRlIik7CiAgICBsZXQgY29kZXhfcm9vdCA9IGRpcmVjdG9yeS5wYXRoKCkuam9pbigiY29kZXgiKTsKICAgIHN0ZDo6ZnM6OmNyZWF0ZV9kaXJfYWxsKCZjbGF1ZGVfcm9vdCkuZXhwZWN0KCJDbGF1ZGUgcm9vdCIpOwogICAgc3RkOjpmczo6Y3JlYXRlX2Rpcl9hbGwoJmNvZGV4X3Jvb3QpLmV4cGVjdCgiQ29kZXggcm9vdCIpOwogICAgc3RkOjpmczo6d3JpdGUoCiAgICAgICAgY2xhdWRlX3Jvb3Quam9pbigic2Vzc2lvbi5qc29ubCIpLAogICAgICAgIGNvbmNhdCEoCiAgICAgICAgICAgICJ7XCJ0eXBlXCI6XCJ1c2VyXCIsXCJzZXNzaW9uSWRcIjpcImNsYXVkZS0xXCIsXCJ1dWlkXCI6XCJ1MVwiLFwibWVzc2FnZVwiOntcInJvbGVcIjpcInVzZXJcIixcImNvbnRlbnRcIjpcIldoZXJlIGlzIHRoZSBwaG9zcGhvcmVzY2VudC13b21iYXQgYnVnP1wifX1cbiIsCiAgICAgICAgICAgICJ7XCJ0eXBlXCI6XCJhc3Npc3RhbnRcIixcInNlc3Npb25JZFwiOlwiY2xhdWRlLTFcIixcInV1aWRcIjpcImExXCIsXCJtZXNzYWdlXCI6e1wicm9sZVwiOlwiYXNzaXN0YW50XCIsXCJjb250ZW50XCI6XCJJdCBpcyBpbiBzdG9yYWdlLnJzXCJ9fVxuIiwKICAgICAgICApLAogICAgKQogICAgLmV4cGVjdCgiQ2xhdWRlIGZpeHR1cmUiKTsKICAgIHN0ZDo6ZnM6OndyaXRlKAogICAgICAgIGNvZGV4X3Jvb3Quam9pbigicm9sbG91dC5qc29ubCIpLAogICAgICAgIGNvbmNhdCEoCiAgICAgICAgICAgICJ7XCJ0eXBlXCI6XCJzZXNzaW9uX21ldGFcIixcInBheWxvYWRcIjp7XCJpZFwiOlwiY29kZXgtMVwifX1cbiIsCiAgICAgICAgICAgICJ7XCJ0eXBlXCI6XCJyZXNwb25zZV9pdGVtXCIsXCJwYXlsb2FkXCI6e1widHlwZVwiOlwibWVzc2FnZVwiLFwiaWRcIjpcIm0xXCIsXCJyb2xlXCI6XCJ1c2VyXCIsXCJjb250ZW50XCI6W3tcInR5cGVcIjpcImlucHV0X3RleHRcIixcInRleHRcIjpcImNoZWNrIHRoZSBkYXRhYmFzZVwifV19fVxuIiwKICAgICAgICApLAogICAgKQogICAgLmV4cGVjdCgiQ29kZXggZml4dHVyZSIpOwoKICAgIGxldCBkYXRhYmFzZSA9IGRpcmVjdG9yeS5wYXRoKCkuam9pbigiY2Fzcy5zcWxpdGUzIik7CiAgICBsZXQgZGF0YWJhc2UgPSBkYXRhYmFzZS50b19zdHIoKS5leHBlY3QoIlVURi04IGRhdGFiYXNlIHBhdGgiKTsKICAgIGxldCBjbGF1ZGVfcm9vdCA9IGNsYXVkZV9yb290LnRvX3N0cigpLmV4cGVjdCgiVVRGLTggQ2xhdWRlIHBhdGgiKTsKICAgIGxldCBjb2RleF9yb290ID0gY29kZXhfcm9vdC50b19zdHIoKS5leHBlY3QoIlVURi04IENvZGV4IHBhdGgiKTsKICAgIGxldCBpbmRleGVkID0gcnVuX2pzb24oJlsKICAgICAgICAiLS1kYiIsCiAgICAgICAgZGF0YWJhc2UsCiAgICAgICAgImluZGV4IiwKICAgICAgICAiLS1mdWxsIiwKICAgICAgICAiLS1jbGF1ZGUtcm9vdCIsCiAgICAgICAgY2xhdWRlX3Jvb3QsCiAgICAgICAgIi0tY29kZXgtcm9vdCIsCiAgICAgICAgY29kZXhfcm9vdCwKICAgIF0pOwogICAgYXNzZXJ0X2VxIShpbmRleGVkWyJpbmRleGVkX2NvbnZlcnNhdGlvbnMiXSwgMik7CiAgICBhc3NlcnRfZXEhKGluZGV4ZWRbImluZGV4ZWRfbWVzc2FnZXMiXSwgMyk7CgogICAgbGV0IGZvdW5kID0gcnVuX2pzb24oJlsKICAgICAgICAiLS1kYiIsCiAgICAgICAgZGF0YWJhc2UsCiAgICAgICAgInNlYXJjaCIsCiAgICAgICAgInBob3NwaG9yZXNjZW50IiwKICAgICAgICAiLS1wcm92aWRlciIsCiAgICAgICAgImNsYXVkZS1jb2RlIiwKICAgIF0pOwogICAgYXNzZXJ0X2VxIShmb3VuZFsicmVhbGl6ZWRfbW9kZSJdLCAibGV4aWNhbCIpOwogICAgbGV0IG1lc3NhZ2VfaWQgPSBmb3VuZFsicmVzdWx0cyJdWzBdWyJpZCJdCiAgICAgICAgLmFzX3N0cigpCiAgICAgICAgLmV4cGVjdCgicmVzdWx0IG1lc3NhZ2UgSUQiKTsKCiAgICBsZXQgdmlld2VkID0gcnVuX2pzb24oJlsiLS1kYiIsIGRhdGFiYXNlLCAidmlldyIsIG1lc3NhZ2VfaWQsICItLWNvbnRleHQiLCAiMTAiXSk7CiAgICBhc3NlcnRfZXEhKHZpZXdlZFsibWVzc2FnZXMiXS5hc19hcnJheSgpLm1hcChWZWM6OmxlbiksIFNvbWUoMikpOwoKICAgIGxldCBmb3Jnb3R0ZW4gPSBydW5fanNvbigmWyItLWRiIiwgZGF0YWJhc2UsICJmb3JnZXQiLCAiY2xhdWRlLTEiXSk7CiAgICBhc3NlcnRfZXEhKGZvcmdvdHRlblsiZm9yZ290dGVuIl0sIHRydWUpOwogICAgbGV0IGFic2VudCA9IHJ1bl9qc29uKCZbIi0tZGIiLCBkYXRhYmFzZSwgInNlYXJjaCIsICJwaG9zcGhvcmVzY2VudCJdKTsKICAgIGFzc2VydF9lcSEoYWJzZW50WyJyZXN1bHRzIl0uYXNfYXJyYXkoKS5tYXAoVmVjOjpsZW4pLCBTb21lKDApKTsKfQo=","evidence_hash":"db6f2e09eaee1d41007136f51ab276c1bc975e6f9d56ce8fd0bf8e5f4f8ae91e","citations":[],"dependencies":[]}}
{"provider":"rust-tests","evidence_id":"rust-tests::coding-agent-search::test::cli_contract::removed_commands_are_rejected","evidence":{"provider_name":"rust-tests","producer":"rust-test","producer_local_id":"coding-agent-search::test::cli_contract::removed_commands_are_rejected","source":{"path":"app/tests/cli_contract.rs","start_line":30,"end_line":40},"canonical_evidence":"I1t0ZXN0XQpmbiByZW1vdmVkX2NvbW1hbmRzX2FyZV9yZWplY3RlZCgpIHsKICAgIGZvciBjb21tYW5kIGluIFsiZXhwb3J0IiwgImRvY3RvciIsICJsaXN0IiwgInNvdXJjZXMiXSB7CiAgICAgICAgQ29tbWFuZDo6Y2FyZ29fYmluKCJjYXNzIikKICAgICAgICAgICAgLmV4cGVjdCgiY2FzcyBiaW5hcnkiKQogICAgICAgICAgICAuYXJnKGNvbW1hbmQpCiAgICAgICAgICAgIC5hc3NlcnQoKQogICAgICAgICAgICAuZmFpbHVyZSgpCiAgICAgICAgICAgIC5zdGRlcnIocHJlZGljYXRlOjpzdHI6OmNvbnRhaW5zKCJ1bnJlY29nbml6ZWQgc3ViY29tbWFuZCIpKTsKICAgIH0KfQo=","evidence_hash":"275f03c6550e44f8e8e53fd19f10b00c9268b562e8dac662a0ff4c0bd34d37d9","citations":[],"dependencies":[]}}
{"provider":"rust-tests","evidence_id":"rust-tests::coding-agent-search::test::cli_contract::status_without_a_database_recommends_index","evidence":{"provider_name":"rust-tests","producer":"rust-test","producer_local_id":"coding-agent-search::test::cli_contract::status_without_a_database_recommends_index","source":{"path":"app/tests/cli_contract.rs","start_line":43,"end_line":60},"canonical_evidence":"I1t0ZXN0XQpmbiBzdGF0dXNfd2l0aG91dF9hX2RhdGFiYXNlX3JlY29tbWVuZHNfaW5kZXgoKSB7CiAgICBsZXQgZGlyZWN0b3J5ID0gdGVtcGZpbGU6OnRlbXBkaXIoKS5leHBlY3QoInRlbXBvcmFyeSBkaXJlY3RvcnkiKTsKICAgIGxldCBvdXRwdXQgPSBDb21tYW5kOjpjYXJnb19iaW4oImNhc3MiKQogICAgICAgIC5leHBlY3QoImNhc3MgYmluYXJ5IikKICAgICAgICAuYXJncyhbCiAgICAgICAgICAgICItLWRiIiwKICAgICAgICAgICAgZGlyZWN0b3J5LnBhdGgoKS5qb2luKCJtaXNzaW5nLnNxbGl0ZTMiKS50b19zdHIoKS51bndyYXAoKSwKICAgICAgICAgICAgInN0YXR1cyIsCiAgICAgICAgXSkKICAgICAgICAub3V0cHV0KCkKICAgICAgICAuZXhwZWN0KCJydW4gY2FzcyBzdGF0dXMiKTsKCiAgICBhc3NlcnQhKG91dHB1dC5zdGF0dXMuc3VjY2VzcygpKTsKICAgIGxldCBib2R5OiBWYWx1ZSA9IHNlcmRlX2pzb246OmZyb21fc2xpY2UoJm91dHB1dC5zdGRvdXQpLmV4cGVjdCgiSlNPTiBzdGF0dXMiKTsKICAgIGFzc2VydF9lcSEoYm9keVsicmVhZHkiXSwgZmFsc2UpOwogICAgYXNzZXJ0X2VxIShib2R5WyJyZWNvbW1lbmRlZF9hY3Rpb24iXSwgImluZGV4Iik7Cn0K","evidence_hash":"a6efcc24e69e01f393bd0e5396ab44e9c63ff163b92ff434ba77ccacbb45c1db","citations":[],"dependencies":[]}}
{"provider":"rust-tests","proof":"9e6b083c3a570b171e43d73985beb4266b44f8d020ded38bb55c6799ac15123c"}
